// !$*UTF8*$!
{
	archiveVersion = 1;
	classes = {
	};
	objectVersion = 56;
	objects = {

/* Begin PBXBuildFile section */
		012FCFC7712234E315C6C847 /* Pods_Message_chatTests.framework in Frameworks */ = {isa = PBXBuildFile; fileRef = 045C53833A57CB4E0B5AC49A /* Pods_Message_chatTests.framework */; };
		0DE11C6023561A55863B6EE1 /* Pods_Message_chat.framework in Frameworks */ = {isa = PBXBuildFile; fileRef = F0EC636E2F33238693357720 /* Pods_Message_chat.framework */; };
		196A9352036D9F0CBC722E87 /* Pods_Message_chat_Message_chatUITests.framework in Frameworks */ = {isa = PBXBuildFile; fileRef = D9DDB73E4D041F6BAE7F0AC5 /* Pods_Message_chat_Message_chatUITests.framework */; };
		C33DF57C2C053291007C654E /* HomeTabBarController.swift in Sources */ = {isa = PBXBuildFile; fileRef = C33DF57A2C053291007C654E /* HomeTabBarController.swift */; };
		C33DF57D2C053291007C654E /* HomeTabBarController.xib in Resources */ = {isa = PBXBuildFile; fileRef = C33DF57B2C053291007C654E /* HomeTabBarController.xib */; };
		C33DF5822C053929007C654E /* HomeMessageViewController.swift in Sources */ = {isa = PBXBuildFile; fileRef = C33DF5802C053929007C654E /* HomeMessageViewController.swift */; };
		C33DF5832C053929007C654E /* HomeMessageViewController.xib in Resources */ = {isa = PBXBuildFile; fileRef = C33DF5812C053929007C654E /* HomeMessageViewController.xib */; };
		C33DF5862C053AD7007C654E /* FriendsViewController.swift in Sources */ = {isa = PBXBuildFile; fileRef = C33DF5842C053AD7007C654E /* FriendsViewController.swift */; };
		C33DF5872C053AD7007C654E /* FriendsViewController.xib in Resources */ = {isa = PBXBuildFile; fileRef = C33DF5852C053AD7007C654E /* FriendsViewController.xib */; };
		C33DF58A2C053AEC007C654E /* ProfileViewController.swift in Sources */ = {isa = PBXBuildFile; fileRef = C33DF5882C053AEC007C654E /* ProfileViewController.swift */; };
		C33DF58B2C053AEC007C654E /* ProfileViewController.xib in Resources */ = {isa = PBXBuildFile; fileRef = C33DF5892C053AEC007C654E /* ProfileViewController.xib */; };
		C34D01D02C087A0A007E712E /* UIImageProfileExtensions.swift in Sources */ = {isa = PBXBuildFile; fileRef = C34D01CF2C087A0A007E712E /* UIImageProfileExtensions.swift */; };
		C37F47C42C02ECF5008EDD7F /* RegisterAccountViewController.swift in Sources */ = {isa = PBXBuildFile; fileRef = C37F47C22C02ECF5008EDD7F /* RegisterAccountViewController.swift */; };
		C37F47C52C02ECF5008EDD7F /* RegisterAccountViewController.xib in Resources */ = {isa = PBXBuildFile; fileRef = C37F47C32C02ECF5008EDD7F /* RegisterAccountViewController.xib */; };
		C38622EE2BF474B60086FC63 /* AppDelegate.swift in Sources */ = {isa = PBXBuildFile; fileRef = C38622ED2BF474B60086FC63 /* AppDelegate.swift */; };
		C38622F02BF474B60086FC63 /* SceneDelegate.swift in Sources */ = {isa = PBXBuildFile; fileRef = C38622EF2BF474B60086FC63 /* SceneDelegate.swift */; };
		C38622F22BF474B60086FC63 /* ViewController.swift in Sources */ = {isa = PBXBuildFile; fileRef = C38622F12BF474B60086FC63 /* ViewController.swift */; };
		C38622F52BF474B60086FC63 /* Main.storyboard in Resources */ = {isa = PBXBuildFile; fileRef = C38622F32BF474B60086FC63 /* Main.storyboard */; };
		C38622F72BF474B60086FC63 /* Assets.xcassets in Resources */ = {isa = PBXBuildFile; fileRef = C38622F62BF474B60086FC63 /* Assets.xcassets */; };
		C38622FA2BF474B60086FC63 /* LaunchScreen.storyboard in Resources */ = {isa = PBXBuildFile; fileRef = C38622F82BF474B60086FC63 /* LaunchScreen.storyboard */; };
		C38623052BF474B70086FC63 /* Message_chatTests.swift in Sources */ = {isa = PBXBuildFile; fileRef = C38623042BF474B70086FC63 /* Message_chatTests.swift */; };
		C386230F2BF474B70086FC63 /* Message_chatUITests.swift in Sources */ = {isa = PBXBuildFile; fileRef = C386230E2BF474B70086FC63 /* Message_chatUITests.swift */; };
		C38623112BF474B70086FC63 /* Message_chatUITestsLaunchTests.swift in Sources */ = {isa = PBXBuildFile; fileRef = C38623102BF474B70086FC63 /* Message_chatUITestsLaunchTests.swift */; };
		C386231E2BF49F520086FC63 /* LoginViewController.swift in Sources */ = {isa = PBXBuildFile; fileRef = C386231D2BF49F520086FC63 /* LoginViewController.swift */; };
		C3B0D5302C070192000A980B /* MessagesTableViewCell.swift in Sources */ = {isa = PBXBuildFile; fileRef = C3B0D52E2C070192000A980B /* MessagesTableViewCell.swift */; };
		C3B0D5312C070192000A980B /* MessagesTableViewCell.xib in Resources */ = {isa = PBXBuildFile; fileRef = C3B0D52F2C070192000A980B /* MessagesTableViewCell.xib */; };
		C3B0D5332C07AEEE000A980B /* UIviewExtensions.swift in Sources */ = {isa = PBXBuildFile; fileRef = C3B0D5322C07AEEE000A980B /* UIviewExtensions.swift */; };
		C3B0D5352C07B0E9000A980B /* UILabelExtensions.swift in Sources */ = {isa = PBXBuildFile; fileRef = C3B0D5342C07B0E9000A980B /* UILabelExtensions.swift */; };
		C3B0D5372C07B14A000A980B /* CALayerExtensions.swift in Sources */ = {isa = PBXBuildFile; fileRef = C3B0D5362C07B14A000A980B /* CALayerExtensions.swift */; };
		C3B0D5392C07B1A9000A980B /* HomeMessageExtensions.swift in Sources */ = {isa = PBXBuildFile; fileRef = C3B0D5382C07B1A9000A980B /* HomeMessageExtensions.swift */; };
		C3B0D53B2C083EBD000A980B /* ModelMessages.swift in Sources */ = {isa = PBXBuildFile; fileRef = C3B0D53A2C083EBD000A980B /* ModelMessages.swift */; };
/* End PBXBuildFile section */

/* Begin PBXContainerItemProxy section */
		C38623012BF474B70086FC63 /* PBXContainerItemProxy */ = {
			isa = PBXContainerItemProxy;
			containerPortal = C38622E22BF474B60086FC63 /* Project object */;
			proxyType = 1;
			remoteGlobalIDString = C38622E92BF474B60086FC63;
			remoteInfo = Message_chat;
		};
		C386230B2BF474B70086FC63 /* PBXContainerItemProxy */ = {
			isa = PBXContainerItemProxy;
			containerPortal = C38622E22BF474B60086FC63 /* Project object */;
			proxyType = 1;
			remoteGlobalIDString = C38622E92BF474B60086FC63;
			remoteInfo = Message_chat;
		};
/* End PBXContainerItemProxy section */

/* Begin PBXFileReference section */
		045C53833A57CB4E0B5AC49A /* Pods_Message_chatTests.framework */ = {isa = PBXFileReference; explicitFileType = wrapper.framework; includeInIndex = 0; path = Pods_Message_chatTests.framework; sourceTree = BUILT_PRODUCTS_DIR; };
		05DFDEECBE8765CDB1BDCDAF /* Pods-Message_chatTests.release.xcconfig */ = {isa = PBXFileReference; includeInIndex = 1; lastKnownFileType = text.xcconfig; name = "Pods-Message_chatTests.release.xcconfig"; path = "Target Support Files/Pods-Message_chatTests/Pods-Message_chatTests.release.xcconfig"; sourceTree = "<group>"; };
		4EF0B57E029E7F976547C683 /* Pods-Message_chat.debug.xcconfig */ = {isa = PBXFileReference; includeInIndex = 1; lastKnownFileType = text.xcconfig; name = "Pods-Message_chat.debug.xcconfig"; path = "Target Support Files/Pods-Message_chat/Pods-Message_chat.debug.xcconfig"; sourceTree = "<group>"; };
		5855F0814C80A0949EE4680E /* Pods-Message_chat.release.xcconfig */ = {isa = PBXFileReference; includeInIndex = 1; lastKnownFileType = text.xcconfig; name = "Pods-Message_chat.release.xcconfig"; path = "Target Support Files/Pods-Message_chat/Pods-Message_chat.release.xcconfig"; sourceTree = "<group>"; };
		8FF7FF37BD09A9AF7B0C719D /* Pods-Message_chatTests.debug.xcconfig */ = {isa = PBXFileReference; includeInIndex = 1; lastKnownFileType = text.xcconfig; name = "Pods-Message_chatTests.debug.xcconfig"; path = "Target Support Files/Pods-Message_chatTests/Pods-Message_chatTests.debug.xcconfig"; sourceTree = "<group>"; };
		91822CB66D4A70E5971DC01D /* Pods-Message_chat-Message_chatUITests.debug.xcconfig */ = {isa = PBXFileReference; includeInIndex = 1; lastKnownFileType = text.xcconfig; name = "Pods-Message_chat-Message_chatUITests.debug.xcconfig"; path = "Target Support Files/Pods-Message_chat-Message_chatUITests/Pods-Message_chat-Message_chatUITests.debug.xcconfig"; sourceTree = "<group>"; };
		C33DF57A2C053291007C654E /* HomeTabBarController.swift */ = {isa = PBXFileReference; lastKnownFileType = sourcecode.swift; path = HomeTabBarController.swift; sourceTree = "<group>"; };
		C33DF57B2C053291007C654E /* HomeTabBarController.xib */ = {isa = PBXFileReference; lastKnownFileType = file.xib; path = HomeTabBarController.xib; sourceTree = "<group>"; };
		C33DF5802C053929007C654E /* HomeMessageViewController.swift */ = {isa = PBXFileReference; lastKnownFileType = sourcecode.swift; path = HomeMessageViewController.swift; sourceTree = "<group>"; };
		C33DF5812C053929007C654E /* HomeMessageViewController.xib */ = {isa = PBXFileReference; lastKnownFileType = file.xib; path = HomeMessageViewController.xib; sourceTree = "<group>"; };
		C33DF5842C053AD7007C654E /* FriendsViewController.swift */ = {isa = PBXFileReference; lastKnownFileType = sourcecode.swift; path = FriendsViewController.swift; sourceTree = "<group>"; };
		C33DF5852C053AD7007C654E /* FriendsViewController.xib */ = {isa = PBXFileReference; lastKnownFileType = file.xib; path = FriendsViewController.xib; sourceTree = "<group>"; };
		C33DF5882C053AEC007C654E /* ProfileViewController.swift */ = {isa = PBXFileReference; lastKnownFileType = sourcecode.swift; path = ProfileViewController.swift; sourceTree = "<group>"; };
		C33DF5892C053AEC007C654E /* ProfileViewController.xib */ = {isa = PBXFileReference; lastKnownFileType = file.xib; path = ProfileViewController.xib; sourceTree = "<group>"; };
		C34D01CF2C087A0A007E712E /* UIImageProfileExtensions.swift */ = {isa = PBXFileReference; lastKnownFileType = sourcecode.swift; path = UIImageProfileExtensions.swift; sourceTree = "<group>"; };
		C37F47C22C02ECF5008EDD7F /* RegisterAccountViewController.swift */ = {isa = PBXFileReference; lastKnownFileType = sourcecode.swift; path = RegisterAccountViewController.swift; sourceTree = "<group>"; };
		C37F47C32C02ECF5008EDD7F /* RegisterAccountViewController.xib */ = {isa = PBXFileReference; lastKnownFileType = file.xib; path = RegisterAccountViewController.xib; sourceTree = "<group>"; };
		C38622EA2BF474B60086FC63 /* Message_chat.app */ = {isa = PBXFileReference; explicitFileType = wrapper.application; includeInIndex = 0; path = Message_chat.app; sourceTree = BUILT_PRODUCTS_DIR; };
		C38622ED2BF474B60086FC63 /* AppDelegate.swift */ = {isa = PBXFileReference; lastKnownFileType = sourcecode.swift; path = AppDelegate.swift; sourceTree = "<group>"; };
		C38622EF2BF474B60086FC63 /* SceneDelegate.swift */ = {isa = PBXFileReference; lastKnownFileType = sourcecode.swift; path = SceneDelegate.swift; sourceTree = "<group>"; };
		C38622F12BF474B60086FC63 /* ViewController.swift */ = {isa = PBXFileReference; lastKnownFileType = sourcecode.swift; path = ViewController.swift; sourceTree = "<group>"; };
		C38622F42BF474B60086FC63 /* Base */ = {isa = PBXFileReference; lastKnownFileType = file.storyboard; name = Base; path = Base.lproj/Main.storyboard; sourceTree = "<group>"; };
		C38622F62BF474B60086FC63 /* Assets.xcassets */ = {isa = PBXFileReference; lastKnownFileType = folder.assetcatalog; path = Assets.xcassets; sourceTree = "<group>"; };
		C38622F92BF474B60086FC63 /* Base */ = {isa = PBXFileReference; lastKnownFileType = file.storyboard; name = Base; path = Base.lproj/LaunchScreen.storyboard; sourceTree = "<group>"; };
		C38622FB2BF474B60086FC63 /* Info.plist */ = {isa = PBXFileReference; lastKnownFileType = text.plist.xml; path = Info.plist; sourceTree = "<group>"; };
		C38623002BF474B70086FC63 /* Message_chatTests.xctest */ = {isa = PBXFileReference; explicitFileType = wrapper.cfbundle; includeInIndex = 0; path = Message_chatTests.xctest; sourceTree = BUILT_PRODUCTS_DIR; };
		C38623042BF474B70086FC63 /* Message_chatTests.swift */ = {isa = PBXFileReference; lastKnownFileType = sourcecode.swift; path = Message_chatTests.swift; sourceTree = "<group>"; };
		C386230A2BF474B70086FC63 /* Message_chatUITests.xctest */ = {isa = PBXFileReference; explicitFileType = wrapper.cfbundle; includeInIndex = 0; path = Message_chatUITests.xctest; sourceTree = BUILT_PRODUCTS_DIR; };
		C386230E2BF474B70086FC63 /* Message_chatUITests.swift */ = {isa = PBXFileReference; lastKnownFileType = sourcecode.swift; path = Message_chatUITests.swift; sourceTree = "<group>"; };
		C38623102BF474B70086FC63 /* Message_chatUITestsLaunchTests.swift */ = {isa = PBXFileReference; lastKnownFileType = sourcecode.swift; path = Message_chatUITestsLaunchTests.swift; sourceTree = "<group>"; };
		C386231D2BF49F520086FC63 /* LoginViewController.swift */ = {isa = PBXFileReference; lastKnownFileType = sourcecode.swift; path = LoginViewController.swift; sourceTree = "<group>"; };
		C3B0D52E2C070192000A980B /* MessagesTableViewCell.swift */ = {isa = PBXFileReference; lastKnownFileType = sourcecode.swift; path = MessagesTableViewCell.swift; sourceTree = "<group>"; };
		C3B0D52F2C070192000A980B /* MessagesTableViewCell.xib */ = {isa = PBXFileReference; lastKnownFileType = file.xib; path = MessagesTableViewCell.xib; sourceTree = "<group>"; };
		C3B0D5322C07AEEE000A980B /* UIviewExtensions.swift */ = {isa = PBXFileReference; lastKnownFileType = sourcecode.swift; path = UIviewExtensions.swift; sourceTree = "<group>"; };
		C3B0D5342C07B0E9000A980B /* UILabelExtensions.swift */ = {isa = PBXFileReference; lastKnownFileType = sourcecode.swift; path = UILabelExtensions.swift; sourceTree = "<group>"; };
		C3B0D5362C07B14A000A980B /* CALayerExtensions.swift */ = {isa = PBXFileReference; lastKnownFileType = sourcecode.swift; path = CALayerExtensions.swift; sourceTree = "<group>"; };
		C3B0D5382C07B1A9000A980B /* HomeMessageExtensions.swift */ = {isa = PBXFileReference; lastKnownFileType = sourcecode.swift; path = HomeMessageExtensions.swift; sourceTree = "<group>"; };
		C3B0D53A2C083EBD000A980B /* ModelMessages.swift */ = {isa = PBXFileReference; lastKnownFileType = sourcecode.swift; path = ModelMessages.swift; sourceTree = "<group>"; };
		D0858881C3CF3BD57E6F1BA1 /* Pods-Message_chat-Message_chatUITests.release.xcconfig */ = {isa = PBXFileReference; includeInIndex = 1; lastKnownFileType = text.xcconfig; name = "Pods-Message_chat-Message_chatUITests.release.xcconfig"; path = "Target Support Files/Pods-Message_chat-Message_chatUITests/Pods-Message_chat-Message_chatUITests.release.xcconfig"; sourceTree = "<group>"; };
		D9DDB73E4D041F6BAE7F0AC5 /* Pods_Message_chat_Message_chatUITests.framework */ = {isa = PBXFileReference; explicitFileType = wrapper.framework; includeInIndex = 0; path = Pods_Message_chat_Message_chatUITests.framework; sourceTree = BUILT_PRODUCTS_DIR; };
		F0EC636E2F33238693357720 /* Pods_Message_chat.framework */ = {isa = PBXFileReference; explicitFileType = wrapper.framework; includeInIndex = 0; path = Pods_Message_chat.framework; sourceTree = BUILT_PRODUCTS_DIR; };
/* End PBXFileReference section */

/* Begin PBXFrameworksBuildPhase section */
		C38622E72BF474B60086FC63 /* Frameworks */ = {
			isa = PBXFrameworksBuildPhase;
			buildActionMask = 2147483647;
			files = (
				0DE11C6023561A55863B6EE1 /* Pods_Message_chat.framework in Frameworks */,
			);
			runOnlyForDeploymentPostprocessing = 0;
		};
		C38622FD2BF474B70086FC63 /* Frameworks */ = {
			isa = PBXFrameworksBuildPhase;
			buildActionMask = 2147483647;
			files = (
				012FCFC7712234E315C6C847 /* Pods_Message_chatTests.framework in Frameworks */,
			);
			runOnlyForDeploymentPostprocessing = 0;
		};
		C38623072BF474B70086FC63 /* Frameworks */ = {
			isa = PBXFrameworksBuildPhase;
			buildActionMask = 2147483647;
			files = (
				196A9352036D9F0CBC722E87 /* Pods_Message_chat_Message_chatUITests.framework in Frameworks */,
			);
			runOnlyForDeploymentPostprocessing = 0;
		};
/* End PBXFrameworksBuildPhase section */

/* Begin PBXGroup section */
		81B34430D1A431DEA47D568C /* Pods */ = {
			isa = PBXGroup;
			children = (
				4EF0B57E029E7F976547C683 /* Pods-Message_chat.debug.xcconfig */,
				5855F0814C80A0949EE4680E /* Pods-Message_chat.release.xcconfig */,
				91822CB66D4A70E5971DC01D /* Pods-Message_chat-Message_chatUITests.debug.xcconfig */,
				D0858881C3CF3BD57E6F1BA1 /* Pods-Message_chat-Message_chatUITests.release.xcconfig */,
				8FF7FF37BD09A9AF7B0C719D /* Pods-Message_chatTests.debug.xcconfig */,
				05DFDEECBE8765CDB1BDCDAF /* Pods-Message_chatTests.release.xcconfig */,
			);
			path = Pods;
			sourceTree = "<group>";
		};
		C38622E12BF474B60086FC63 = {
			isa = PBXGroup;
			children = (
				C38622EC2BF474B60086FC63 /* Message_chat */,
				C38623032BF474B70086FC63 /* Message_chatTests */,
				C386230D2BF474B70086FC63 /* Message_chatUITests */,
				C38622EB2BF474B60086FC63 /* Products */,
				81B34430D1A431DEA47D568C /* Pods */,
				CE7FE186C9A49D9F3DD0D607 /* Frameworks */,
			);
			sourceTree = "<group>";
		};
		C38622EB2BF474B60086FC63 /* Products */ = {
			isa = PBXGroup;
			children = (
				C38622EA2BF474B60086FC63 /* Message_chat.app */,
				C38623002BF474B70086FC63 /* Message_chatTests.xctest */,
				C386230A2BF474B70086FC63 /* Message_chatUITests.xctest */,
			);
			name = Products;
			sourceTree = "<group>";
		};
		C38622EC2BF474B60086FC63 /* Message_chat */ = {
			isa = PBXGroup;
			children = (
				C38622ED2BF474B60086FC63 /* AppDelegate.swift */,
				C38622EF2BF474B60086FC63 /* SceneDelegate.swift */,
				C38622F12BF474B60086FC63 /* ViewController.swift */,
				C38622F32BF474B60086FC63 /* Main.storyboard */,
				C38622F62BF474B60086FC63 /* Assets.xcassets */,
				C38622F82BF474B60086FC63 /* LaunchScreen.storyboard */,
				C38622FB2BF474B60086FC63 /* Info.plist */,
				C386231D2BF49F520086FC63 /* LoginViewController.swift */,
				C37F47C22C02ECF5008EDD7F /* RegisterAccountViewController.swift */,
				C37F47C32C02ECF5008EDD7F /* RegisterAccountViewController.xib */,
				C33DF57A2C053291007C654E /* HomeTabBarController.swift */,
				C33DF57B2C053291007C654E /* HomeTabBarController.xib */,
				C33DF5802C053929007C654E /* HomeMessageViewController.swift */,
				C33DF5812C053929007C654E /* HomeMessageViewController.xib */,
				C33DF5842C053AD7007C654E /* FriendsViewController.swift */,
				C33DF5852C053AD7007C654E /* FriendsViewController.xib */,
				C33DF5882C053AEC007C654E /* ProfileViewController.swift */,
				C33DF5892C053AEC007C654E /* ProfileViewController.xib */,
				C3B0D52E2C070192000A980B /* MessagesTableViewCell.swift */,
				C3B0D52F2C070192000A980B /* MessagesTableViewCell.xib */,
				C3B0D5322C07AEEE000A980B /* UIviewExtensions.swift */,
				C3B0D5342C07B0E9000A980B /* UILabelExtensions.swift */,
				C3B0D5362C07B14A000A980B /* CALayerExtensions.swift */,
				C3B0D5382C07B1A9000A980B /* HomeMessageExtensions.swift */,
				C3B0D53A2C083EBD000A980B /* ModelMessages.swift */,
				C34D01CF2C087A0A007E712E /* UIImageProfileExtensions.swift */,
			);
			path = Message_chat;
			sourceTree = "<group>";
		};
		C38623032BF474B70086FC63 /* Message_chatTests */ = {
			isa = PBXGroup;
			children = (
				C38623042BF474B70086FC63 /* Message_chatTests.swift */,
			);
			path = Message_chatTests;
			sourceTree = "<group>";
		};
		C386230D2BF474B70086FC63 /* Message_chatUITests */ = {
			isa = PBXGroup;
			children = (
				C386230E2BF474B70086FC63 /* Message_chatUITests.swift */,
				C38623102BF474B70086FC63 /* Message_chatUITestsLaunchTests.swift */,
			);
			path = Message_chatUITests;
			sourceTree = "<group>";
		};
		CE7FE186C9A49D9F3DD0D607 /* Frameworks */ = {
			isa = PBXGroup;
			children = (
				F0EC636E2F33238693357720 /* Pods_Message_chat.framework */,
				D9DDB73E4D041F6BAE7F0AC5 /* Pods_Message_chat_Message_chatUITests.framework */,
				045C53833A57CB4E0B5AC49A /* Pods_Message_chatTests.framework */,
			);
			name = Frameworks;
			sourceTree = "<group>";
		};
/* End PBXGroup section */

/* Begin PBXNativeTarget section */
		C38622E92BF474B60086FC63 /* Message_chat */ = {
			isa = PBXNativeTarget;
			buildConfigurationList = C38623142BF474B70086FC63 /* Build configuration list for PBXNativeTarget "Message_chat" */;
			buildPhases = (
				2A0F25629CE9EF980FED7BF5 /* [CP] Check Pods Manifest.lock */,
				C38622E62BF474B60086FC63 /* Sources */,
				C38622E72BF474B60086FC63 /* Frameworks */,
				C38622E82BF474B60086FC63 /* Resources */,
				05D9C4E6893846CA16BB909A /* [CP] Embed Pods Frameworks */,
			);
			buildRules = (
			);
			dependencies = (
			);
			name = Message_chat;
			productName = Message_chat;
			productReference = C38622EA2BF474B60086FC63 /* Message_chat.app */;
			productType = "com.apple.product-type.application";
		};
		C38622FF2BF474B70086FC63 /* Message_chatTests */ = {
			isa = PBXNativeTarget;
			buildConfigurationList = C38623172BF474B70086FC63 /* Build configuration list for PBXNativeTarget "Message_chatTests" */;
			buildPhases = (
				AC6977162E72164D75E007E8 /* [CP] Check Pods Manifest.lock */,
				C38622FC2BF474B70086FC63 /* Sources */,
				C38622FD2BF474B70086FC63 /* Frameworks */,
				C38622FE2BF474B70086FC63 /* Resources */,
			);
			buildRules = (
			);
			dependencies = (
				C38623022BF474B70086FC63 /* PBXTargetDependency */,
			);
			name = Message_chatTests;
			productName = Message_chatTests;
			productReference = C38623002BF474B70086FC63 /* Message_chatTests.xctest */;
			productType = "com.apple.product-type.bundle.unit-test";
		};
		C38623092BF474B70086FC63 /* Message_chatUITests */ = {
			isa = PBXNativeTarget;
			buildConfigurationList = C386231A2BF474B70086FC63 /* Build configuration list for PBXNativeTarget "Message_chatUITests" */;
			buildPhases = (
				74AA9DEBE8EB48974D9B7DE6 /* [CP] Check Pods Manifest.lock */,
				C38623062BF474B70086FC63 /* Sources */,
				C38623072BF474B70086FC63 /* Frameworks */,
				C38623082BF474B70086FC63 /* Resources */,
				91B3F8B4B7B9266EF7EE2882 /* [CP] Embed Pods Frameworks */,
			);
			buildRules = (
			);
			dependencies = (
				C386230C2BF474B70086FC63 /* PBXTargetDependency */,
			);
			name = Message_chatUITests;
			productName = Message_chatUITests;
			productReference = C386230A2BF474B70086FC63 /* Message_chatUITests.xctest */;
			productType = "com.apple.product-type.bundle.ui-testing";
		};
/* End PBXNativeTarget section */

/* Begin PBXProject section */
		C38622E22BF474B60086FC63 /* Project object */ = {
			isa = PBXProject;
			attributes = {
				BuildIndependentTargetsInParallel = 1;
				LastSwiftUpdateCheck = 1420;
				LastUpgradeCheck = 1420;
				TargetAttributes = {
					C38622E92BF474B60086FC63 = {
						CreatedOnToolsVersion = 14.2;
					};
					C38622FF2BF474B70086FC63 = {
						CreatedOnToolsVersion = 14.2;
						TestTargetID = C38622E92BF474B60086FC63;
					};
					C38623092BF474B70086FC63 = {
						CreatedOnToolsVersion = 14.2;
						TestTargetID = C38622E92BF474B60086FC63;
					};
				};
			};
			buildConfigurationList = C38622E52BF474B60086FC63 /* Build configuration list for PBXProject "Message_chat" */;
			compatibilityVersion = "Xcode 14.0";
			developmentRegion = en;
			hasScannedForEncodings = 0;
			knownRegions = (
				en,
				Base,
			);
			mainGroup = C38622E12BF474B60086FC63;
			productRefGroup = C38622EB2BF474B60086FC63 /* Products */;
			projectDirPath = "";
			projectRoot = "";
			targets = (
				C38622E92BF474B60086FC63 /* Message_chat */,
				C38622FF2BF474B70086FC63 /* Message_chatTests */,
				C38623092BF474B70086FC63 /* Message_chatUITests */,
			);
		};
/* End PBXProject section */

/* Begin PBXResourcesBuildPhase section */
		C38622E82BF474B60086FC63 /* Resources */ = {
			isa = PBXResourcesBuildPhase;
			buildActionMask = 2147483647;
			files = (
				C33DF57D2C053291007C654E /* HomeTabBarController.xib in Resources */,
				C33DF5832C053929007C654E /* HomeMessageViewController.xib in Resources */,
				C33DF58B2C053AEC007C654E /* ProfileViewController.xib in Resources */,
				C38622FA2BF474B60086FC63 /* LaunchScreen.storyboard in Resources */,
				C37F47C52C02ECF5008EDD7F /* RegisterAccountViewController.xib in Resources */,
				C33DF5872C053AD7007C654E /* FriendsViewController.xib in Resources */,
				C38622F72BF474B60086FC63 /* Assets.xcassets in Resources */,
				C38622F52BF474B60086FC63 /* Main.storyboard in Resources */,
				C3B0D5312C070192000A980B /* MessagesTableViewCell.xib in Resources */,
			);
			runOnlyForDeploymentPostprocessing = 0;
		};
		C38622FE2BF474B70086FC63 /* Resources */ = {
			isa = PBXResourcesBuildPhase;
			buildActionMask = 2147483647;
			files = (
			);
			runOnlyForDeploymentPostprocessing = 0;
		};
		C38623082BF474B70086FC63 /* Resources */ = {
			isa = PBXResourcesBuildPhase;
			buildActionMask = 2147483647;
			files = (
			);
			runOnlyForDeploymentPostprocessing = 0;
		};
/* End PBXResourcesBuildPhase section */

/* Begin PBXShellScriptBuildPhase section */
		05D9C4E6893846CA16BB909A /* [CP] Embed Pods Frameworks */ = {
			isa = PBXShellScriptBuildPhase;
			buildActionMask = 2147483647;
			files = (
			);
			inputFileListPaths = (
				"${PODS_ROOT}/Target Support Files/Pods-Message_chat/Pods-Message_chat-frameworks-${CONFIGURATION}-input-files.xcfilelist",
			);
			name = "[CP] Embed Pods Frameworks";
			outputFileListPaths = (
				"${PODS_ROOT}/Target Support Files/Pods-Message_chat/Pods-Message_chat-frameworks-${CONFIGURATION}-output-files.xcfilelist",
			);
			runOnlyForDeploymentPostprocessing = 0;
			shellPath = /bin/sh;
			shellScript = "\"${PODS_ROOT}/Target Support Files/Pods-Message_chat/Pods-Message_chat-frameworks.sh\"\n";
			showEnvVarsInLog = 0;
		};
		2A0F25629CE9EF980FED7BF5 /* [CP] Check Pods Manifest.lock */ = {
			isa = PBXShellScriptBuildPhase;
			buildActionMask = 2147483647;
			files = (
			);
			inputFileListPaths = (
			);
			inputPaths = (
				"${PODS_PODFILE_DIR_PATH}/Podfile.lock",
				"${PODS_ROOT}/Manifest.lock",
			);
			name = "[CP] Check Pods Manifest.lock";
			outputFileListPaths = (
			);
			outputPaths = (
				"$(DERIVED_FILE_DIR)/Pods-Message_chat-checkManifestLockResult.txt",
			);
			runOnlyForDeploymentPostprocessing = 0;
			shellPath = /bin/sh;
			shellScript = "diff \"${PODS_PODFILE_DIR_PATH}/Podfile.lock\" \"${PODS_ROOT}/Manifest.lock\" > /dev/null\nif [ $? != 0 ] ; then\n    # print error to STDERR\n    echo \"error: The sandbox is not in sync with the Podfile.lock. Run 'pod install' or update your CocoaPods installation.\" >&2\n    exit 1\nfi\n# This output is used by Xcode 'outputs' to avoid re-running this script phase.\necho \"SUCCESS\" > \"${SCRIPT_OUTPUT_FILE_0}\"\n";
			showEnvVarsInLog = 0;
		};
		74AA9DEBE8EB48974D9B7DE6 /* [CP] Check Pods Manifest.lock */ = {
			isa = PBXShellScriptBuildPhase;
			buildActionMask = 2147483647;
			files = (
			);
			inputFileListPaths = (
			);
			inputPaths = (
				"${PODS_PODFILE_DIR_PATH}/Podfile.lock",
				"${PODS_ROOT}/Manifest.lock",
			);
			name = "[CP] Check Pods Manifest.lock";
			outputFileListPaths = (
			);
			outputPaths = (
				"$(DERIVED_FILE_DIR)/Pods-Message_chat-Message_chatUITests-checkManifestLockResult.txt",
			);
			runOnlyForDeploymentPostprocessing = 0;
			shellPath = /bin/sh;
			shellScript = "diff \"${PODS_PODFILE_DIR_PATH}/Podfile.lock\" \"${PODS_ROOT}/Manifest.lock\" > /dev/null\nif [ $? != 0 ] ; then\n    # print error to STDERR\n    echo \"error: The sandbox is not in sync with the Podfile.lock. Run 'pod install' or update your CocoaPods installation.\" >&2\n    exit 1\nfi\n# This output is used by Xcode 'outputs' to avoid re-running this script phase.\necho \"SUCCESS\" > \"${SCRIPT_OUTPUT_FILE_0}\"\n";
			showEnvVarsInLog = 0;
		};
		91B3F8B4B7B9266EF7EE2882 /* [CP] Embed Pods Frameworks */ = {
			isa = PBXShellScriptBuildPhase;
			buildActionMask = 2147483647;
			files = (
			);
			inputFileListPaths = (
				"${PODS_ROOT}/Target Support Files/Pods-Message_chat-Message_chatUITests/Pods-Message_chat-Message_chatUITests-frameworks-${CONFIGURATION}-input-files.xcfilelist",
			);
			name = "[CP] Embed Pods Frameworks";
			outputFileListPaths = (
				"${PODS_ROOT}/Target Support Files/Pods-Message_chat-Message_chatUITests/Pods-Message_chat-Message_chatUITests-frameworks-${CONFIGURATION}-output-files.xcfilelist",
			);
			runOnlyForDeploymentPostprocessing = 0;
			shellPath = /bin/sh;
			shellScript = "\"${PODS_ROOT}/Target Support Files/Pods-Message_chat-Message_chatUITests/Pods-Message_chat-Message_chatUITests-frameworks.sh\"\n";
			showEnvVarsInLog = 0;
		};
		AC6977162E72164D75E007E8 /* [CP] Check Pods Manifest.lock */ = {
			isa = PBXShellScriptBuildPhase;
			buildActionMask = 2147483647;
			files = (
			);
			inputFileListPaths = (
			);
			inputPaths = (
				"${PODS_PODFILE_DIR_PATH}/Podfile.lock",
				"${PODS_ROOT}/Manifest.lock",
			);
			name = "[CP] Check Pods Manifest.lock";
			outputFileListPaths = (
			);
			outputPaths = (
				"$(DERIVED_FILE_DIR)/Pods-Message_chatTests-checkManifestLockResult.txt",
			);
			runOnlyForDeploymentPostprocessing = 0;
			shellPath = /bin/sh;
			shellScript = "diff \"${PODS_PODFILE_DIR_PATH}/Podfile.lock\" \"${PODS_ROOT}/Manifest.lock\" > /dev/null\nif [ $? != 0 ] ; then\n    # print error to STDERR\n    echo \"error: The sandbox is not in sync with the Podfile.lock. Run 'pod install' or update your CocoaPods installation.\" >&2\n    exit 1\nfi\n# This output is used by Xcode 'outputs' to avoid re-running this script phase.\necho \"SUCCESS\" > \"${SCRIPT_OUTPUT_FILE_0}\"\n";
			showEnvVarsInLog = 0;
		};
/* End PBXShellScriptBuildPhase section */

/* Begin PBXSourcesBuildPhase section */
		C38622E62BF474B60086FC63 /* Sources */ = {
			isa = PBXSourcesBuildPhase;
			buildActionMask = 2147483647;
			files = (
				C33DF5862C053AD7007C654E /* FriendsViewController.swift in Sources */,
				C3B0D53B2C083EBD000A980B /* ModelMessages.swift in Sources */,
				C3B0D5372C07B14A000A980B /* CALayerExtensions.swift in Sources */,
				C37F47C42C02ECF5008EDD7F /* RegisterAccountViewController.swift in Sources */,
				C3B0D5332C07AEEE000A980B /* UIviewExtensions.swift in Sources */,
				C386231E2BF49F520086FC63 /* LoginViewController.swift in Sources */,
				C33DF5822C053929007C654E /* HomeMessageViewController.swift in Sources */,
				C33DF57C2C053291007C654E /* HomeTabBarController.swift in Sources */,
				C38622F22BF474B60086FC63 /* ViewController.swift in Sources */,
				C33DF58A2C053AEC007C654E /* ProfileViewController.swift in Sources */,
				C3B0D5352C07B0E9000A980B /* UILabelExtensions.swift in Sources */,
				C34D01D02C087A0A007E712E /* UIImageProfileExtensions.swift in Sources */,
				C3B0D5392C07B1A9000A980B /* HomeMessageExtensions.swift in Sources */,
				C3B0D5302C070192000A980B /* MessagesTableViewCell.swift in Sources */,
				C38622EE2BF474B60086FC63 /* AppDelegate.swift in Sources */,
				C38622F02BF474B60086FC63 /* SceneDelegate.swift in Sources */,
			);
			runOnlyForDeploymentPostprocessing = 0;
		};
		C38622FC2BF474B70086FC63 /* Sources */ = {
			isa = PBXSourcesBuildPhase;
			buildActionMask = 2147483647;
			files = (
				C38623052BF474B70086FC63 /* Message_chatTests.swift in Sources */,
			);
			runOnlyForDeploymentPostprocessing = 0;
		};
		C38623062BF474B70086FC63 /* Sources */ = {
			isa = PBXSourcesBuildPhase;
			buildActionMask = 2147483647;
			files = (
				C38623112BF474B70086FC63 /* Message_chatUITestsLaunchTests.swift in Sources */,
				C386230F2BF474B70086FC63 /* Message_chatUITests.swift in Sources */,
			);
			runOnlyForDeploymentPostprocessing = 0;
		};
/* End PBXSourcesBuildPhase section */

/* Begin PBXTargetDependency section */
		C38623022BF474B70086FC63 /* PBXTargetDependency */ = {
			isa = PBXTargetDependency;
			target = C38622E92BF474B60086FC63 /* Message_chat */;
			targetProxy = C38623012BF474B70086FC63 /* PBXContainerItemProxy */;
		};
		C386230C2BF474B70086FC63 /* PBXTargetDependency */ = {
			isa = PBXTargetDependency;
			target = C38622E92BF474B60086FC63 /* Message_chat */;
			targetProxy = C386230B2BF474B70086FC63 /* PBXContainerItemProxy */;
		};
/* End PBXTargetDependency section */

/* Begin PBXVariantGroup section */
		C38622F32BF474B60086FC63 /* Main.storyboard */ = {
			isa = PBXVariantGroup;
			children = (
				C38622F42BF474B60086FC63 /* Base */,
			);
			name = Main.storyboard;
			sourceTree = "<group>";
		};
		C38622F82BF474B60086FC63 /* LaunchScreen.storyboard */ = {
			isa = PBXVariantGroup;
			children = (
				C38622F92BF474B60086FC63 /* Base */,
			);
			name = LaunchScreen.storyboard;
			sourceTree = "<group>";
		};
/* End PBXVariantGroup section */

/* Begin XCBuildConfiguration section */
		C38623122BF474B70086FC63 /* Debug */ = {
			isa = XCBuildConfiguration;
			buildSettings = {
				ALWAYS_SEARCH_USER_PATHS = NO;
				CLANG_ANALYZER_NONNULL = YES;
				CLANG_ANALYZER_NUMBER_OBJECT_CONVERSION = YES_AGGRESSIVE;
				CLANG_CXX_LANGUAGE_STANDARD = "gnu++20";
				CLANG_ENABLE_MODULES = YES;
				CLANG_ENABLE_OBJC_ARC = YES;
				CLANG_ENABLE_OBJC_WEAK = YES;
				CLANG_WARN_BLOCK_CAPTURE_AUTORELEASING = YES;
				CLANG_WARN_BOOL_CONVERSION = YES;
				CLANG_WARN_COMMA = YES;
				CLANG_WARN_CONSTANT_CONVERSION = YES;
				CLANG_WARN_DEPRECATED_OBJC_IMPLEMENTATIONS = YES;
				CLANG_WARN_DIRECT_OBJC_ISA_USAGE = YES_ERROR;
				CLANG_WARN_DOCUMENTATION_COMMENTS = YES;
				CLANG_WARN_EMPTY_BODY = YES;
				CLANG_WARN_ENUM_CONVERSION = YES;
				CLANG_WARN_INFINITE_RECURSION = YES;
				CLANG_WARN_INT_CONVERSION = YES;
				CLANG_WARN_NON_LITERAL_NULL_CONVERSION = YES;
				CLANG_WARN_OBJC_IMPLICIT_RETAIN_SELF = YES;
				CLANG_WARN_OBJC_LITERAL_CONVERSION = YES;
				CLANG_WARN_OBJC_ROOT_CLASS = YES_ERROR;
				CLANG_WARN_QUOTED_INCLUDE_IN_FRAMEWORK_HEADER = YES;
				CLANG_WARN_RANGE_LOOP_ANALYSIS = YES;
				CLANG_WARN_STRICT_PROTOTYPES = YES;
				CLANG_WARN_SUSPICIOUS_MOVE = YES;
				CLANG_WARN_UNGUARDED_AVAILABILITY = YES_AGGRESSIVE;
				CLANG_WARN_UNREACHABLE_CODE = YES;
				CLANG_WARN__DUPLICATE_METHOD_MATCH = YES;
				COPY_PHASE_STRIP = NO;
				DEBUG_INFORMATION_FORMAT = dwarf;
				ENABLE_STRICT_OBJC_MSGSEND = YES;
				ENABLE_TESTABILITY = YES;
				GCC_C_LANGUAGE_STANDARD = gnu11;
				GCC_DYNAMIC_NO_PIC = NO;
				GCC_NO_COMMON_BLOCKS = YES;
				GCC_OPTIMIZATION_LEVEL = 0;
				GCC_PREPROCESSOR_DEFINITIONS = (
					"DEBUG=1",
					"$(inherited)",
				);
				GCC_WARN_64_TO_32_BIT_CONVERSION = YES;
				GCC_WARN_ABOUT_RETURN_TYPE = YES_ERROR;
				GCC_WARN_UNDECLARED_SELECTOR = YES;
				GCC_WARN_UNINITIALIZED_AUTOS = YES_AGGRESSIVE;
				GCC_WARN_UNUSED_FUNCTION = YES;
				GCC_WARN_UNUSED_VARIABLE = YES;
				IPHONEOS_DEPLOYMENT_TARGET = 16.2;
				MTL_ENABLE_DEBUG_INFO = INCLUDE_SOURCE;
				MTL_FAST_MATH = YES;
				ONLY_ACTIVE_ARCH = YES;
				SDKROOT = iphoneos;
				SWIFT_ACTIVE_COMPILATION_CONDITIONS = DEBUG;
				SWIFT_OPTIMIZATION_LEVEL = "-Onone";
			};
			name = Debug;
		};
		C38623132BF474B70086FC63 /* Release */ = {
			isa = XCBuildConfiguration;
			buildSettings = {
				ALWAYS_SEARCH_USER_PATHS = NO;
				CLANG_ANALYZER_NONNULL = YES;
				CLANG_ANALYZER_NUMBER_OBJECT_CONVERSION = YES_AGGRESSIVE;
				CLANG_CXX_LANGUAGE_STANDARD = "gnu++20";
				CLANG_ENABLE_MODULES = YES;
				CLANG_ENABLE_OBJC_ARC = YES;
				CLANG_ENABLE_OBJC_WEAK = YES;
				CLANG_WARN_BLOCK_CAPTURE_AUTORELEASING = YES;
				CLANG_WARN_BOOL_CONVERSION = YES;
				CLANG_WARN_COMMA = YES;
				CLANG_WARN_CONSTANT_CONVERSION = YES;
				CLANG_WARN_DEPRECATED_OBJC_IMPLEMENTATIONS = YES;
				CLANG_WARN_DIRECT_OBJC_ISA_USAGE = YES_ERROR;
				CLANG_WARN_DOCUMENTATION_COMMENTS = YES;
				CLANG_WARN_EMPTY_BODY = YES;
				CLANG_WARN_ENUM_CONVERSION = YES;
				CLANG_WARN_INFINITE_RECURSION = YES;
				CLANG_WARN_INT_CONVERSION = YES;
				CLANG_WARN_NON_LITERAL_NULL_CONVERSION = YES;
				CLANG_WARN_OBJC_IMPLICIT_RETAIN_SELF = YES;
				CLANG_WARN_OBJC_LITERAL_CONVERSION = YES;
				CLANG_WARN_OBJC_ROOT_CLASS = YES_ERROR;
				CLANG_WARN_QUOTED_INCLUDE_IN_FRAMEWORK_HEADER = YES;
				CLANG_WARN_RANGE_LOOP_ANALYSIS = YES;
				CLANG_WARN_STRICT_PROTOTYPES = YES;
				CLANG_WARN_SUSPICIOUS_MOVE = YES;
				CLANG_WARN_UNGUARDED_AVAILABILITY = YES_AGGRESSIVE;
				CLANG_WARN_UNREACHABLE_CODE = YES;
				CLANG_WARN__DUPLICATE_METHOD_MATCH = YES;
				COPY_PHASE_STRIP = NO;
				DEBUG_INFORMATION_FORMAT = "dwarf-with-dsym";
				ENABLE_NS_ASSERTIONS = NO;
				ENABLE_STRICT_OBJC_MSGSEND = YES;
				GCC_C_LANGUAGE_STANDARD = gnu11;
				GCC_NO_COMMON_BLOCKS = YES;
				GCC_WARN_64_TO_32_BIT_CONVERSION = YES;
				GCC_WARN_ABOUT_RETURN_TYPE = YES_ERROR;
				GCC_WARN_UNDECLARED_SELECTOR = YES;
				GCC_WARN_UNINITIALIZED_AUTOS = YES_AGGRESSIVE;
				GCC_WARN_UNUSED_FUNCTION = YES;
				GCC_WARN_UNUSED_VARIABLE = YES;
				IPHONEOS_DEPLOYMENT_TARGET = 16.2;
				MTL_ENABLE_DEBUG_INFO = NO;
				MTL_FAST_MATH = YES;
				SDKROOT = iphoneos;
				SWIFT_COMPILATION_MODE = wholemodule;
				SWIFT_OPTIMIZATION_LEVEL = "-O";
				VALIDATE_PRODUCT = YES;
			};
			name = Release;
		};
		C38623152BF474B70086FC63 /* Debug */ = {
			isa = XCBuildConfiguration;
			baseConfigurationReference = 4EF0B57E029E7F976547C683 /* Pods-Message_chat.debug.xcconfig */;
			buildSettings = {
				ASSETCATALOG_COMPILER_APPICON_NAME = AppIcon;
				ASSETCATALOG_COMPILER_GLOBAL_ACCENT_COLOR_NAME = AccentColor;
				CODE_SIGN_STYLE = Automatic;
				CURRENT_PROJECT_VERSION = 1;
				GENERATE_INFOPLIST_FILE = YES;
				INFOPLIST_FILE = Message_chat/Info.plist;
				INFOPLIST_KEY_UIApplicationSupportsIndirectInputEvents = YES;
				INFOPLIST_KEY_UILaunchStoryboardName = LaunchScreen;
				INFOPLIST_KEY_UIMainStoryboardFile = Main;
				INFOPLIST_KEY_UISupportedInterfaceOrientations_iPad = "UIInterfaceOrientationPortrait UIInterfaceOrientationPortraitUpsideDown UIInterfaceOrientationLandscapeLeft UIInterfaceOrientationLandscapeRight";
				INFOPLIST_KEY_UISupportedInterfaceOrientations_iPhone = "UIInterfaceOrientationPortrait UIInterfaceOrientationLandscapeLeft UIInterfaceOrientationLandscapeRight";
				LD_RUNPATH_SEARCH_PATHS = (
					"$(inherited)",
					"@executable_path/Frameworks",
				);
				MARKETING_VERSION = 1.0;
				PRODUCT_BUNDLE_IDENTIFIER = "vuminh.Message-chat";
				PRODUCT_NAME = "$(TARGET_NAME)";
				SWIFT_EMIT_LOC_STRINGS = YES;
				SWIFT_VERSION = 5.0;
				TARGETED_DEVICE_FAMILY = "1,2";
			};
			name = Debug;
		};
		C38623162BF474B70086FC63 /* Release */ = {
			isa = XCBuildConfiguration;
			baseConfigurationReference = 5855F0814C80A0949EE4680E /* Pods-Message_chat.release.xcconfig */;
			buildSettings = {
				ASSETCATALOG_COMPILER_APPICON_NAME = AppIcon;
				ASSETCATALOG_COMPILER_GLOBAL_ACCENT_COLOR_NAME = AccentColor;
				CODE_SIGN_STYLE = Automatic;
				CURRENT_PROJECT_VERSION = 1;
				GENERATE_INFOPLIST_FILE = YES;
				INFOPLIST_FILE = Message_chat/Info.plist;
				INFOPLIST_KEY_UIApplicationSupportsIndirectInputEvents = YES;
				INFOPLIST_KEY_UILaunchStoryboardName = LaunchScreen;
				INFOPLIST_KEY_UIMainStoryboardFile = Main;
				INFOPLIST_KEY_UISupportedInterfaceOrientations_iPad = "UIInterfaceOrientationPortrait UIInterfaceOrientationPortraitUpsideDown UIInterfaceOrientationLandscapeLeft UIInterfaceOrientationLandscapeRight";
				INFOPLIST_KEY_UISupportedInterfaceOrientations_iPhone = "UIInterfaceOrientationPortrait UIInterfaceOrientationLandscapeLeft UIInterfaceOrientationLandscapeRight";
				LD_RUNPATH_SEARCH_PATHS = (
					"$(inherited)",
					"@executable_path/Frameworks",
				);
				MARKETING_VERSION = 1.0;
				PRODUCT_BUNDLE_IDENTIFIER = "vuminh.Message-chat";
				PRODUCT_NAME = "$(TARGET_NAME)";
				SWIFT_EMIT_LOC_STRINGS = YES;
				SWIFT_VERSION = 5.0;
				TARGETED_DEVICE_FAMILY = "1,2";
			};
			name = Release;
		};
		C38623182BF474B70086FC63 /* Debug */ = {
			isa = XCBuildConfiguration;
			baseConfigurationReference = 8FF7FF37BD09A9AF7B0C719D /* Pods-Message_chatTests.debug.xcconfig */;
			buildSettings = {
				ALWAYS_EMBED_SWIFT_STANDARD_LIBRARIES = YES;
				BUNDLE_LOADER = "$(TEST_HOST)";
				CODE_SIGN_STYLE = Automatic;
				CURRENT_PROJECT_VERSION = 1;
				GENERATE_INFOPLIST_FILE = YES;
				IPHONEOS_DEPLOYMENT_TARGET = 16.2;
				MARKETING_VERSION = 1.0;
				PRODUCT_BUNDLE_IDENTIFIER = "vuminh.Message-chatTests";
				PRODUCT_NAME = "$(TARGET_NAME)";
				SWIFT_EMIT_LOC_STRINGS = NO;
				SWIFT_VERSION = 5.0;
				TARGETED_DEVICE_FAMILY = "1,2";
				TEST_HOST = "$(BUILT_PRODUCTS_DIR)/Message_chat.app/$(BUNDLE_EXECUTABLE_FOLDER_PATH)/Message_chat";
			};
			name = Debug;
		};
		C38623192BF474B70086FC63 /* Release */ = {
			isa = XCBuildConfiguration;
			baseConfigurationReference = 05DFDEECBE8765CDB1BDCDAF /* Pods-Message_chatTests.release.xcconfig */;
			buildSettings = {
				ALWAYS_EMBED_SWIFT_STANDARD_LIBRARIES = YES;
				BUNDLE_LOADER = "$(TEST_HOST)";
				CODE_SIGN_STYLE = Automatic;
				CURRENT_PROJECT_VERSION = 1;
				GENERATE_INFOPLIST_FILE = YES;
				IPHONEOS_DEPLOYMENT_TARGET = 16.2;
				MARKETING_VERSION = 1.0;
				PRODUCT_BUNDLE_IDENTIFIER = "vuminh.Message-chatTests";
				PRODUCT_NAME = "$(TARGET_NAME)";
				SWIFT_EMIT_LOC_STRINGS = NO;
				SWIFT_VERSION = 5.0;
				TARGETED_DEVICE_FAMILY = "1,2";
				TEST_HOST = "$(BUILT_PRODUCTS_DIR)/Message_chat.app/$(BUNDLE_EXECUTABLE_FOLDER_PATH)/Message_chat";
			};
			name = Release;
		};
		C386231B2BF474B70086FC63 /* Debug */ = {
			isa = XCBuildConfiguration;
			baseConfigurationReference = 91822CB66D4A70E5971DC01D /* Pods-Message_chat-Message_chatUITests.debug.xcconfig */;
			buildSettings = {
				ALWAYS_EMBED_SWIFT_STANDARD_LIBRARIES = YES;
				CODE_SIGN_STYLE = Automatic;
				CURRENT_PROJECT_VERSION = 1;
				GENERATE_INFOPLIST_FILE = YES;
				MARKETING_VERSION = 1.0;
				PRODUCT_BUNDLE_IDENTIFIER = "vuminh.Message-chatUITests";
				PRODUCT_NAME = "$(TARGET_NAME)";
				SWIFT_EMIT_LOC_STRINGS = NO;
				SWIFT_VERSION = 5.0;
				TARGETED_DEVICE_FAMILY = "1,2";
				TEST_TARGET_NAME = Message_chat;
			};
			name = Debug;
		};
		C386231C2BF474B70086FC63 /* Release */ = {
			isa = XCBuildConfiguration;
			baseConfigurationReference = D0858881C3CF3BD57E6F1BA1 /* Pods-Message_chat-Message_chatUITests.release.xcconfig */;
			buildSettings = {
				ALWAYS_EMBED_SWIFT_STANDARD_LIBRARIES = YES;
				CODE_SIGN_STYLE = Automatic;
				CURRENT_PROJECT_VERSION = 1;
				GENERATE_INFOPLIST_FILE = YES;
				MARKETING_VERSION = 1.0;
				PRODUCT_BUNDLE_IDENTIFIER = "vuminh.Message-chatUITests";
				PRODUCT_NAME = "$(TARGET_NAME)";
				SWIFT_EMIT_LOC_STRINGS = NO;
				SWIFT_VERSION = 5.0;
				TARGETED_DEVICE_FAMILY = "1,2";
				TEST_TARGET_NAME = Message_chat;
			};
			name = Release;
		};
/* End XCBuildConfiguration section */

/* Begin XCConfigurationList section */
		C38622E52BF474B60086FC63 /* Build configuration list for PBXProject "Message_chat" */ = {
			isa = XCConfigurationList;
			buildConfigurations = (
				C38623122BF474B70086FC63 /* Debug */,
				C38623132BF474B70086FC63 /* Release */,
			);
			defaultConfigurationIsVisible = 0;
			defaultConfigurationName = Release;
		};
		C38623142BF474B70086FC63 /* Build configuration list for PBXNativeTarget "Message_chat" */ = {
			isa = XCConfigurationList;
			buildConfigurations = (
				C38623152BF474B70086FC63 /* Debug */,
				C38623162BF474B70086FC63 /* Release */,
			);
			defaultConfigurationIsVisible = 0;
			defaultConfigurationName = Release;
		};
		C38623172BF474B70086FC63 /* Build configuration list for PBXNativeTarget "Message_chatTests" */ = {
			isa = XCConfigurationList;
			buildConfigurations = (
				C38623182BF474B70086FC63 /* Debug */,
				C38623192BF474B70086FC63 /* Release */,
			);
			defaultConfigurationIsVisible = 0;
			defaultConfigurationName = Release;
		};
		C386231A2BF474B70086FC63 /* Build configuration list for PBXNativeTarget "Message_chatUITests" */ = {
			isa = XCConfigurationList;
			buildConfigurations = (
				C386231B2BF474B70086FC63 /* Debug */,
				C386231C2BF474B70086FC63 /* Release */,
			);
			defaultConfigurationIsVisible = 0;
			defaultConfigurationName = Release;
		};
/* End XCConfigurationList section */
	};
	rootObject = C38622E22BF474B60086FC63 /* Project object */;
}
