// !$*UTF8*$!
{
	archiveVersion = 1;
	classes = {
	};
	objectVersion = 56;
	objects = {

/* Begin PBXBuildFile section */
		2C8FEADA568DEFDF15EF12BC /* Pods_Message_chat.framework in Frameworks */ = {isa = PBXBuildFile; fileRef = 854252B82DB30AFBA9B56152 /* Pods_Message_chat.framework */; };
		33B30997808DBB834089BB81 /* Pods_Message_chatTests.framework in Frameworks */ = {isa = PBXBuildFile; fileRef = DFBD7B54CF29DCB05AECE0D0 /* Pods_Message_chatTests.framework */; };
		417589211399EEA2D41498B1 /* Pods_Message_chat_Message_chatUITests.framework in Frameworks */ = {isa = PBXBuildFile; fileRef = EB495A93255600C915C51B5F /* Pods_Message_chat_Message_chatUITests.framework */; };
		C306FB872C099F8A00D5E110 /* UITextFieldExtensions.swift in Sources */ = {isa = PBXBuildFile; fileRef = C306FB862C099F8A00D5E110 /* UITextFieldExtensions.swift */; };
		C306FB892C09A22A00D5E110 /* UIButtonExtensions.swift in Sources */ = {isa = PBXBuildFile; fileRef = C306FB882C09A22A00D5E110 /* UIButtonExtensions.swift */; };
		C33DF57C2C053291007C654E /* HomeTabBarController.swift in Sources */ = {isa = PBXBuildFile; fileRef = C33DF57A2C053291007C654E /* HomeTabBarController.swift */; };
		C33DF57D2C053291007C654E /* HomeTabBarController.xib in Resources */ = {isa = PBXBuildFile; fileRef = C33DF57B2C053291007C654E /* HomeTabBarController.xib */; };
		C33DF5822C053929007C654E /* HomeMessageViewController.swift in Sources */ = {isa = PBXBuildFile; fileRef = C33DF5802C053929007C654E /* HomeMessageViewController.swift */; };
		C33DF5832C053929007C654E /* HomeMessageViewController.xib in Resources */ = {isa = PBXBuildFile; fileRef = C33DF5812C053929007C654E /* HomeMessageViewController.xib */; };
		C33DF5862C053AD7007C654E /* FriendsViewController.swift in Sources */ = {isa = PBXBuildFile; fileRef = C33DF5842C053AD7007C654E /* FriendsViewController.swift */; };
		C33DF5872C053AD7007C654E /* FriendsViewController.xib in Resources */ = {isa = PBXBuildFile; fileRef = C33DF5852C053AD7007C654E /* FriendsViewController.xib */; };
		C33DF58A2C053AEC007C654E /* ProfileViewController.swift in Sources */ = {isa = PBXBuildFile; fileRef = C33DF5882C053AEC007C654E /* ProfileViewController.swift */; };
		C33DF58B2C053AEC007C654E /* ProfileViewController.xib in Resources */ = {isa = PBXBuildFile; fileRef = C33DF5892C053AEC007C654E /* ProfileViewController.xib */; };
		C33EA4162C0B0E6200733FA5 /* AcceptFriendsTableViewCell.swift in Sources */ = {isa = PBXBuildFile; fileRef = C33EA4142C0B0E6200733FA5 /* AcceptFriendsTableViewCell.swift */; };
		C33EA4172C0B0E6200733FA5 /* AcceptFriendsTableViewCell.xib in Resources */ = {isa = PBXBuildFile; fileRef = C33EA4152C0B0E6200733FA5 /* AcceptFriendsTableViewCell.xib */; };
		C35C910B2C0B2BB30003D73F /* CancelFriendsTableViewCell.swift in Sources */ = {isa = PBXBuildFile; fileRef = C35C91092C0B2BB30003D73F /* CancelFriendsTableViewCell.swift */; };
		C35C910C2C0B2BB30003D73F /* CancelFriendsTableViewCell.xib in Resources */ = {isa = PBXBuildFile; fileRef = C35C910A2C0B2BB30003D73F /* CancelFriendsTableViewCell.xib */; };
		C3644F1F2C11A1C90062B7C5 /* FirebaseService.swift in Sources */ = {isa = PBXBuildFile; fileRef = C3644F1E2C11A1C90062B7C5 /* FirebaseService.swift */; };
		C3644F222C11A2DF0062B7C5 /* AppRouters.swift in Sources */ = {isa = PBXBuildFile; fileRef = C3644F212C11A2DF0062B7C5 /* AppRouters.swift */; };
		C368C61E2C10DCE700322B82 /* AllFriendsTableViewCell.swift in Sources */ = {isa = PBXBuildFile; fileRef = C368C61C2C10DCE700322B82 /* AllFriendsTableViewCell.swift */; };
		C368C61F2C10DCE700322B82 /* AllFriendsTableViewCell.xib in Resources */ = {isa = PBXBuildFile; fileRef = C368C61D2C10DCE700322B82 /* AllFriendsTableViewCell.xib */; };
		C368C6252C10E8AB00322B82 /* GoogleService-Info.plist in Resources */ = {isa = PBXBuildFile; fileRef = C368C6242C10E8AB00322B82 /* GoogleService-Info.plist */; };
		C368C6282C10E95B00322B82 /* FirebaseAnalytics in Frameworks */ = {isa = PBXBuildFile; productRef = C368C6272C10E95B00322B82 /* FirebaseAnalytics */; };
		C368C62A2C10E95B00322B82 /* FirebaseAnalyticsSwift in Frameworks */ = {isa = PBXBuildFile; productRef = C368C6292C10E95B00322B82 /* FirebaseAnalyticsSwift */; };
		C368C62C2C10E95B00322B82 /* FirebaseAuth in Frameworks */ = {isa = PBXBuildFile; productRef = C368C62B2C10E95B00322B82 /* FirebaseAuth */; };
		C368C62E2C1105F000322B82 /* ModelUsers.swift in Sources */ = {isa = PBXBuildFile; fileRef = C368C62D2C1105F000322B82 /* ModelUsers.swift */; };
		C36EDC702C0B178900958658 /* ModelRequestFriends.swift in Sources */ = {isa = PBXBuildFile; fileRef = C36EDC6F2C0B178900958658 /* ModelRequestFriends.swift */; };
		C37F47C42C02ECF5008EDD7F /* RegisterAccountViewController.swift in Sources */ = {isa = PBXBuildFile; fileRef = C37F47C22C02ECF5008EDD7F /* RegisterAccountViewController.swift */; };
		C37F47C52C02ECF5008EDD7F /* RegisterAccountViewController.xib in Resources */ = {isa = PBXBuildFile; fileRef = C37F47C32C02ECF5008EDD7F /* RegisterAccountViewController.xib */; };
		C38436432C0EF18800AB5B2E /* ModelFriends.swift in Sources */ = {isa = PBXBuildFile; fileRef = C38436422C0EF18800AB5B2E /* ModelFriends.swift */; };
		C38622EE2BF474B60086FC63 /* AppDelegate.swift in Sources */ = {isa = PBXBuildFile; fileRef = C38622ED2BF474B60086FC63 /* AppDelegate.swift */; };
		C38622F02BF474B60086FC63 /* SceneDelegate.swift in Sources */ = {isa = PBXBuildFile; fileRef = C38622EF2BF474B60086FC63 /* SceneDelegate.swift */; };
		C38622F22BF474B60086FC63 /* ViewController.swift in Sources */ = {isa = PBXBuildFile; fileRef = C38622F12BF474B60086FC63 /* ViewController.swift */; };
		C38622F52BF474B60086FC63 /* Main.storyboard in Resources */ = {isa = PBXBuildFile; fileRef = C38622F32BF474B60086FC63 /* Main.storyboard */; };
		C38622F72BF474B60086FC63 /* Assets.xcassets in Resources */ = {isa = PBXBuildFile; fileRef = C38622F62BF474B60086FC63 /* Assets.xcassets */; };
		C38622FA2BF474B60086FC63 /* LaunchScreen.storyboard in Resources */ = {isa = PBXBuildFile; fileRef = C38622F82BF474B60086FC63 /* LaunchScreen.storyboard */; };
		C38623052BF474B70086FC63 /* Message_chatTests.swift in Sources */ = {isa = PBXBuildFile; fileRef = C38623042BF474B70086FC63 /* Message_chatTests.swift */; };
		C386230F2BF474B70086FC63 /* Message_chatUITests.swift in Sources */ = {isa = PBXBuildFile; fileRef = C386230E2BF474B70086FC63 /* Message_chatUITests.swift */; };
		C38623112BF474B70086FC63 /* Message_chatUITestsLaunchTests.swift in Sources */ = {isa = PBXBuildFile; fileRef = C38623102BF474B70086FC63 /* Message_chatUITestsLaunchTests.swift */; };
		C386231E2BF49F520086FC63 /* LoginViewController.swift in Sources */ = {isa = PBXBuildFile; fileRef = C386231D2BF49F520086FC63 /* LoginViewController.swift */; };
		C3A6040B2C110BD9003BA0CA /* FirebaseFirestore in Frameworks */ = {isa = PBXBuildFile; productRef = C3A6040A2C110BD9003BA0CA /* FirebaseFirestore */; };
		C3B0D5302C070192000A980B /* MessagesTableViewCell.swift in Sources */ = {isa = PBXBuildFile; fileRef = C3B0D52E2C070192000A980B /* MessagesTableViewCell.swift */; };
		C3B0D5312C070192000A980B /* MessagesTableViewCell.xib in Resources */ = {isa = PBXBuildFile; fileRef = C3B0D52F2C070192000A980B /* MessagesTableViewCell.xib */; };
		C3B0D5332C07AEEE000A980B /* UIviewExtensions.swift in Sources */ = {isa = PBXBuildFile; fileRef = C3B0D5322C07AEEE000A980B /* UIviewExtensions.swift */; };
		C3B0D5352C07B0E9000A980B /* UILabelExtensions.swift in Sources */ = {isa = PBXBuildFile; fileRef = C3B0D5342C07B0E9000A980B /* UILabelExtensions.swift */; };
		C3B0D5372C07B14A000A980B /* CALayerExtensions.swift in Sources */ = {isa = PBXBuildFile; fileRef = C3B0D5362C07B14A000A980B /* CALayerExtensions.swift */; };
		C3B0D5392C07B1A9000A980B /* HomeMessageExtensions.swift in Sources */ = {isa = PBXBuildFile; fileRef = C3B0D5382C07B1A9000A980B /* HomeMessageExtensions.swift */; };
		C3B0D53B2C083EBD000A980B /* ModelMessages.swift in Sources */ = {isa = PBXBuildFile; fileRef = C3B0D53A2C083EBD000A980B /* ModelMessages.swift */; };
		C3E943D72C09D87A0065664D /* MyFriendsViewController.swift in Sources */ = {isa = PBXBuildFile; fileRef = C3E943D52C09D87A0065664D /* MyFriendsViewController.swift */; };
		C3E943D82C09D87A0065664D /* MyFriendsViewController.xib in Resources */ = {isa = PBXBuildFile; fileRef = C3E943D62C09D87A0065664D /* MyFriendsViewController.xib */; };
		C3E943DB2C09D8920065664D /* AllFriendsViewController.swift in Sources */ = {isa = PBXBuildFile; fileRef = C3E943D92C09D8920065664D /* AllFriendsViewController.swift */; };
		C3E943DC2C09D8920065664D /* AllFriendsViewController.xib in Resources */ = {isa = PBXBuildFile; fileRef = C3E943DA2C09D8920065664D /* AllFriendsViewController.xib */; };
		C3E943DF2C09DA0F0065664D /* RequestFriendsViewController.swift in Sources */ = {isa = PBXBuildFile; fileRef = C3E943DD2C09DA0F0065664D /* RequestFriendsViewController.swift */; };
		C3E943E02C09DA0F0065664D /* RequestFriendsViewController.xib in Resources */ = {isa = PBXBuildFile; fileRef = C3E943DE2C09DA0F0065664D /* RequestFriendsViewController.xib */; };
		C3F8C4D82C0EF08B00730097 /* MyFriendsTableViewCell.swift in Sources */ = {isa = PBXBuildFile; fileRef = C3F8C4D62C0EF08B00730097 /* MyFriendsTableViewCell.swift */; };
		C3F8C4D92C0EF08B00730097 /* MyFriendsTableViewCell.xib in Resources */ = {isa = PBXBuildFile; fileRef = C3F8C4D72C0EF08B00730097 /* MyFriendsTableViewCell.xib */; };
		C3FF822C2C0D91BC005B2496 /* UITableExtensions.swift in Sources */ = {isa = PBXBuildFile; fileRef = C3FF822B2C0D91BC005B2496 /* UITableExtensions.swift */; };
/* End PBXBuildFile section */

/* Begin PBXContainerItemProxy section */
		C38623012BF474B70086FC63 /* PBXContainerItemProxy */ = {
			isa = PBXContainerItemProxy;
			containerPortal = C38622E22BF474B60086FC63 /* Project object */;
			proxyType = 1;
			remoteGlobalIDString = C38622E92BF474B60086FC63;
			remoteInfo = Message_chat;
		};
		C386230B2BF474B70086FC63 /* PBXContainerItemProxy */ = {
			isa = PBXContainerItemProxy;
			containerPortal = C38622E22BF474B60086FC63 /* Project object */;
			proxyType = 1;
			remoteGlobalIDString = C38622E92BF474B60086FC63;
			remoteInfo = Message_chat;
		};
/* End PBXContainerItemProxy section */

/* Begin PBXFileReference section */
		1CDCDAD6D9A9EF8914B63C09 /* Pods-Message_chat-Message_chatUITests.debug.xcconfig */ = {isa = PBXFileReference; includeInIndex = 1; lastKnownFileType = text.xcconfig; name = "Pods-Message_chat-Message_chatUITests.debug.xcconfig"; path = "Target Support Files/Pods-Message_chat-Message_chatUITests/Pods-Message_chat-Message_chatUITests.debug.xcconfig"; sourceTree = "<group>"; };
		4E08F69E4F556A8F31C6A516 /* Pods-Message_chatTests.debug.xcconfig */ = {isa = PBXFileReference; includeInIndex = 1; lastKnownFileType = text.xcconfig; name = "Pods-Message_chatTests.debug.xcconfig"; path = "Target Support Files/Pods-Message_chatTests/Pods-Message_chatTests.debug.xcconfig"; sourceTree = "<group>"; };
		854252B82DB30AFBA9B56152 /* Pods_Message_chat.framework */ = {isa = PBXFileReference; explicitFileType = wrapper.framework; includeInIndex = 0; path = Pods_Message_chat.framework; sourceTree = BUILT_PRODUCTS_DIR; };
		AB0A1ABC70BB127B5852D506 /* Pods-Message_chat.debug.xcconfig */ = {isa = PBXFileReference; includeInIndex = 1; lastKnownFileType = text.xcconfig; name = "Pods-Message_chat.debug.xcconfig"; path = "Target Support Files/Pods-Message_chat/Pods-Message_chat.debug.xcconfig"; sourceTree = "<group>"; };
		B7D236E4ED9772734C332BBA /* Pods-Message_chatTests.release.xcconfig */ = {isa = PBXFileReference; includeInIndex = 1; lastKnownFileType = text.xcconfig; name = "Pods-Message_chatTests.release.xcconfig"; path = "Target Support Files/Pods-Message_chatTests/Pods-Message_chatTests.release.xcconfig"; sourceTree = "<group>"; };
		BB8F71C805E9502A0D8244B3 /* Pods-Message_chat.release.xcconfig */ = {isa = PBXFileReference; includeInIndex = 1; lastKnownFileType = text.xcconfig; name = "Pods-Message_chat.release.xcconfig"; path = "Target Support Files/Pods-Message_chat/Pods-Message_chat.release.xcconfig"; sourceTree = "<group>"; };
		C306FB862C099F8A00D5E110 /* UITextFieldExtensions.swift */ = {isa = PBXFileReference; lastKnownFileType = sourcecode.swift; path = UITextFieldExtensions.swift; sourceTree = "<group>"; };
		C306FB882C09A22A00D5E110 /* UIButtonExtensions.swift */ = {isa = PBXFileReference; lastKnownFileType = sourcecode.swift; path = UIButtonExtensions.swift; sourceTree = "<group>"; };
		C33DF57A2C053291007C654E /* HomeTabBarController.swift */ = {isa = PBXFileReference; lastKnownFileType = sourcecode.swift; path = HomeTabBarController.swift; sourceTree = "<group>"; };
		C33DF57B2C053291007C654E /* HomeTabBarController.xib */ = {isa = PBXFileReference; lastKnownFileType = file.xib; path = HomeTabBarController.xib; sourceTree = "<group>"; };
		C33DF5802C053929007C654E /* HomeMessageViewController.swift */ = {isa = PBXFileReference; lastKnownFileType = sourcecode.swift; path = HomeMessageViewController.swift; sourceTree = "<group>"; };
		C33DF5812C053929007C654E /* HomeMessageViewController.xib */ = {isa = PBXFileReference; lastKnownFileType = file.xib; path = HomeMessageViewController.xib; sourceTree = "<group>"; };
		C33DF5842C053AD7007C654E /* FriendsViewController.swift */ = {isa = PBXFileReference; lastKnownFileType = sourcecode.swift; path = FriendsViewController.swift; sourceTree = "<group>"; };
		C33DF5852C053AD7007C654E /* FriendsViewController.xib */ = {isa = PBXFileReference; lastKnownFileType = file.xib; path = FriendsViewController.xib; sourceTree = "<group>"; };
		C33DF5882C053AEC007C654E /* ProfileViewController.swift */ = {isa = PBXFileReference; lastKnownFileType = sourcecode.swift; path = ProfileViewController.swift; sourceTree = "<group>"; };
		C33DF5892C053AEC007C654E /* ProfileViewController.xib */ = {isa = PBXFileReference; lastKnownFileType = file.xib; path = ProfileViewController.xib; sourceTree = "<group>"; };
		C33EA4142C0B0E6200733FA5 /* AcceptFriendsTableViewCell.swift */ = {isa = PBXFileReference; lastKnownFileType = sourcecode.swift; path = AcceptFriendsTableViewCell.swift; sourceTree = "<group>"; };
		C33EA4152C0B0E6200733FA5 /* AcceptFriendsTableViewCell.xib */ = {isa = PBXFileReference; lastKnownFileType = file.xib; path = AcceptFriendsTableViewCell.xib; sourceTree = "<group>"; };
		C35C91092C0B2BB30003D73F /* CancelFriendsTableViewCell.swift */ = {isa = PBXFileReference; lastKnownFileType = sourcecode.swift; path = CancelFriendsTableViewCell.swift; sourceTree = "<group>"; };
		C35C910A2C0B2BB30003D73F /* CancelFriendsTableViewCell.xib */ = {isa = PBXFileReference; lastKnownFileType = file.xib; path = CancelFriendsTableViewCell.xib; sourceTree = "<group>"; };
		C361A29883CA540824301378 /* Pods-Message_chat-Message_chatUITests.release.xcconfig */ = {isa = PBXFileReference; includeInIndex = 1; lastKnownFileType = text.xcconfig; name = "Pods-Message_chat-Message_chatUITests.release.xcconfig"; path = "Target Support Files/Pods-Message_chat-Message_chatUITests/Pods-Message_chat-Message_chatUITests.release.xcconfig"; sourceTree = "<group>"; };
		C3644F1E2C11A1C90062B7C5 /* FirebaseService.swift */ = {isa = PBXFileReference; lastKnownFileType = sourcecode.swift; path = FirebaseService.swift; sourceTree = "<group>"; };
		C3644F212C11A2DF0062B7C5 /* AppRouters.swift */ = {isa = PBXFileReference; lastKnownFileType = sourcecode.swift; path = AppRouters.swift; sourceTree = "<group>"; };
		C368C61C2C10DCE700322B82 /* AllFriendsTableViewCell.swift */ = {isa = PBXFileReference; lastKnownFileType = sourcecode.swift; path = AllFriendsTableViewCell.swift; sourceTree = "<group>"; };
		C368C61D2C10DCE700322B82 /* AllFriendsTableViewCell.xib */ = {isa = PBXFileReference; lastKnownFileType = file.xib; path = AllFriendsTableViewCell.xib; sourceTree = "<group>"; };
		C368C6242C10E8AB00322B82 /* GoogleService-Info.plist */ = {isa = PBXFileReference; fileEncoding = 4; lastKnownFileType = text.plist.xml; path = "GoogleService-Info.plist"; sourceTree = "<group>"; };
		C368C62D2C1105F000322B82 /* ModelUsers.swift */ = {isa = PBXFileReference; lastKnownFileType = sourcecode.swift; path = ModelUsers.swift; sourceTree = "<group>"; };
		C36EDC6F2C0B178900958658 /* ModelRequestFriends.swift */ = {isa = PBXFileReference; lastKnownFileType = sourcecode.swift; path = ModelRequestFriends.swift; sourceTree = "<group>"; };
		C37F47C22C02ECF5008EDD7F /* RegisterAccountViewController.swift */ = {isa = PBXFileReference; lastKnownFileType = sourcecode.swift; path = RegisterAccountViewController.swift; sourceTree = "<group>"; };
		C37F47C32C02ECF5008EDD7F /* RegisterAccountViewController.xib */ = {isa = PBXFileReference; lastKnownFileType = file.xib; path = RegisterAccountViewController.xib; sourceTree = "<group>"; };
		C38436422C0EF18800AB5B2E /* ModelFriends.swift */ = {isa = PBXFileReference; lastKnownFileType = sourcecode.swift; path = ModelFriends.swift; sourceTree = "<group>"; };
		C38622EA2BF474B60086FC63 /* Message_chat.app */ = {isa = PBXFileReference; explicitFileType = wrapper.application; includeInIndex = 0; path = Message_chat.app; sourceTree = BUILT_PRODUCTS_DIR; };
		C38622ED2BF474B60086FC63 /* AppDelegate.swift */ = {isa = PBXFileReference; lastKnownFileType = sourcecode.swift; path = AppDelegate.swift; sourceTree = "<group>"; };
		C38622EF2BF474B60086FC63 /* SceneDelegate.swift */ = {isa = PBXFileReference; lastKnownFileType = sourcecode.swift; path = SceneDelegate.swift; sourceTree = "<group>"; };
		C38622F12BF474B60086FC63 /* ViewController.swift */ = {isa = PBXFileReference; lastKnownFileType = sourcecode.swift; path = ViewController.swift; sourceTree = "<group>"; };
		C38622F42BF474B60086FC63 /* Base */ = {isa = PBXFileReference; lastKnownFileType = file.storyboard; name = Base; path = Base.lproj/Main.storyboard; sourceTree = "<group>"; };
		C38622F62BF474B60086FC63 /* Assets.xcassets */ = {isa = PBXFileReference; lastKnownFileType = folder.assetcatalog; path = Assets.xcassets; sourceTree = "<group>"; };
		C38622F92BF474B60086FC63 /* Base */ = {isa = PBXFileReference; lastKnownFileType = file.storyboard; name = Base; path = Base.lproj/LaunchScreen.storyboard; sourceTree = "<group>"; };
		C38622FB2BF474B60086FC63 /* Info.plist */ = {isa = PBXFileReference; lastKnownFileType = text.plist.xml; path = Info.plist; sourceTree = "<group>"; };
		C38623002BF474B70086FC63 /* Message_chatTests.xctest */ = {isa = PBXFileReference; explicitFileType = wrapper.cfbundle; includeInIndex = 0; path = Message_chatTests.xctest; sourceTree = BUILT_PRODUCTS_DIR; };
		C38623042BF474B70086FC63 /* Message_chatTests.swift */ = {isa = PBXFileReference; lastKnownFileType = sourcecode.swift; path = Message_chatTests.swift; sourceTree = "<group>"; };
		C386230A2BF474B70086FC63 /* Message_chatUITests.xctest */ = {isa = PBXFileReference; explicitFileType = wrapper.cfbundle; includeInIndex = 0; path = Message_chatUITests.xctest; sourceTree = BUILT_PRODUCTS_DIR; };
		C386230E2BF474B70086FC63 /* Message_chatUITests.swift */ = {isa = PBXFileReference; lastKnownFileType = sourcecode.swift; path = Message_chatUITests.swift; sourceTree = "<group>"; };
		C38623102BF474B70086FC63 /* Message_chatUITestsLaunchTests.swift */ = {isa = PBXFileReference; lastKnownFileType = sourcecode.swift; path = Message_chatUITestsLaunchTests.swift; sourceTree = "<group>"; };
		C386231D2BF49F520086FC63 /* LoginViewController.swift */ = {isa = PBXFileReference; lastKnownFileType = sourcecode.swift; path = LoginViewController.swift; sourceTree = "<group>"; };
		C3B0D52E2C070192000A980B /* MessagesTableViewCell.swift */ = {isa = PBXFileReference; lastKnownFileType = sourcecode.swift; path = MessagesTableViewCell.swift; sourceTree = "<group>"; };
		C3B0D52F2C070192000A980B /* MessagesTableViewCell.xib */ = {isa = PBXFileReference; lastKnownFileType = file.xib; path = MessagesTableViewCell.xib; sourceTree = "<group>"; };
		C3B0D5322C07AEEE000A980B /* UIviewExtensions.swift */ = {isa = PBXFileReference; lastKnownFileType = sourcecode.swift; path = UIviewExtensions.swift; sourceTree = "<group>"; };
		C3B0D5342C07B0E9000A980B /* UILabelExtensions.swift */ = {isa = PBXFileReference; lastKnownFileType = sourcecode.swift; path = UILabelExtensions.swift; sourceTree = "<group>"; };
		C3B0D5362C07B14A000A980B /* CALayerExtensions.swift */ = {isa = PBXFileReference; lastKnownFileType = sourcecode.swift; path = CALayerExtensions.swift; sourceTree = "<group>"; };
		C3B0D5382C07B1A9000A980B /* HomeMessageExtensions.swift */ = {isa = PBXFileReference; lastKnownFileType = sourcecode.swift; path = HomeMessageExtensions.swift; sourceTree = "<group>"; };
		C3B0D53A2C083EBD000A980B /* ModelMessages.swift */ = {isa = PBXFileReference; lastKnownFileType = sourcecode.swift; path = ModelMessages.swift; sourceTree = "<group>"; };
		C3E943D52C09D87A0065664D /* MyFriendsViewController.swift */ = {isa = PBXFileReference; lastKnownFileType = sourcecode.swift; path = MyFriendsViewController.swift; sourceTree = "<group>"; };
		C3E943D62C09D87A0065664D /* MyFriendsViewController.xib */ = {isa = PBXFileReference; lastKnownFileType = file.xib; path = MyFriendsViewController.xib; sourceTree = "<group>"; };
		C3E943D92C09D8920065664D /* AllFriendsViewController.swift */ = {isa = PBXFileReference; lastKnownFileType = sourcecode.swift; path = AllFriendsViewController.swift; sourceTree = "<group>"; };
		C3E943DA2C09D8920065664D /* AllFriendsViewController.xib */ = {isa = PBXFileReference; lastKnownFileType = file.xib; path = AllFriendsViewController.xib; sourceTree = "<group>"; };
		C3E943DD2C09DA0F0065664D /* RequestFriendsViewController.swift */ = {isa = PBXFileReference; lastKnownFileType = sourcecode.swift; path = RequestFriendsViewController.swift; sourceTree = "<group>"; };
		C3E943DE2C09DA0F0065664D /* RequestFriendsViewController.xib */ = {isa = PBXFileReference; lastKnownFileType = file.xib; path = RequestFriendsViewController.xib; sourceTree = "<group>"; };
		C3F8C4D62C0EF08B00730097 /* MyFriendsTableViewCell.swift */ = {isa = PBXFileReference; lastKnownFileType = sourcecode.swift; path = MyFriendsTableViewCell.swift; sourceTree = "<group>"; };
		C3F8C4D72C0EF08B00730097 /* MyFriendsTableViewCell.xib */ = {isa = PBXFileReference; lastKnownFileType = file.xib; path = MyFriendsTableViewCell.xib; sourceTree = "<group>"; };
		C3FF822B2C0D91BC005B2496 /* UITableExtensions.swift */ = {isa = PBXFileReference; lastKnownFileType = sourcecode.swift; path = UITableExtensions.swift; sourceTree = "<group>"; };
		DFBD7B54CF29DCB05AECE0D0 /* Pods_Message_chatTests.framework */ = {isa = PBXFileReference; explicitFileType = wrapper.framework; includeInIndex = 0; path = Pods_Message_chatTests.framework; sourceTree = BUILT_PRODUCTS_DIR; };
		EB495A93255600C915C51B5F /* Pods_Message_chat_Message_chatUITests.framework */ = {isa = PBXFileReference; explicitFileType = wrapper.framework; includeInIndex = 0; path = Pods_Message_chat_Message_chatUITests.framework; sourceTree = BUILT_PRODUCTS_DIR; };
/* End PBXFileReference section */

/* Begin PBXFrameworksBuildPhase section */
		C38622E72BF474B60086FC63 /* Frameworks */ = {
			isa = PBXFrameworksBuildPhase;
			buildActionMask = 2147483647;
			files = (
				C368C62A2C10E95B00322B82 /* FirebaseAnalyticsSwift in Frameworks */,
				C368C6282C10E95B00322B82 /* FirebaseAnalytics in Frameworks */,
				2C8FEADA568DEFDF15EF12BC /* Pods_Message_chat.framework in Frameworks */,
				C3A6040B2C110BD9003BA0CA /* FirebaseFirestore in Frameworks */,
				C368C62C2C10E95B00322B82 /* FirebaseAuth in Frameworks */,
			);
			runOnlyForDeploymentPostprocessing = 0;
		};
		C38622FD2BF474B70086FC63 /* Frameworks */ = {
			isa = PBXFrameworksBuildPhase;
			buildActionMask = 2147483647;
			files = (
				33B30997808DBB834089BB81 /* Pods_Message_chatTests.framework in Frameworks */,
			);
			runOnlyForDeploymentPostprocessing = 0;
		};
		C38623072BF474B70086FC63 /* Frameworks */ = {
			isa = PBXFrameworksBuildPhase;
			buildActionMask = 2147483647;
			files = (
				417589211399EEA2D41498B1 /* Pods_Message_chat_Message_chatUITests.framework in Frameworks */,
			);
			runOnlyForDeploymentPostprocessing = 0;
		};
/* End PBXFrameworksBuildPhase section */

/* Begin PBXGroup section */
		81B34430D1A431DEA47D568C /* Pods */ = {
			isa = PBXGroup;
			children = (
				AB0A1ABC70BB127B5852D506 /* Pods-Message_chat.debug.xcconfig */,
				BB8F71C805E9502A0D8244B3 /* Pods-Message_chat.release.xcconfig */,
				1CDCDAD6D9A9EF8914B63C09 /* Pods-Message_chat-Message_chatUITests.debug.xcconfig */,
				C361A29883CA540824301378 /* Pods-Message_chat-Message_chatUITests.release.xcconfig */,
				4E08F69E4F556A8F31C6A516 /* Pods-Message_chatTests.debug.xcconfig */,
				B7D236E4ED9772734C332BBA /* Pods-Message_chatTests.release.xcconfig */,
			);
			path = Pods;
			sourceTree = "<group>";
		};
		C3034CB22C0EB8740070BCCC /* Views */ = {
			isa = PBXGroup;
			children = (
				C3034CBD2C0EBA430070BCCC /* LoginScreen */,
				C3034CBC2C0EBA0B0070BCCC /* ProfileScreen */,
				C3034CB82C0EB9360070BCCC /* FriendsScreen */,
				C3034CB62C0EB9000070BCCC /* HomeTabBar */,
				C3034CB42C0EB8C80070BCCC /* RegisterScreen */,
				C3034CB32C0EB8880070BCCC /* HomeScreen */,
			);
			path = Views;
			sourceTree = "<group>";
		};
		C3034CB32C0EB8880070BCCC /* HomeScreen */ = {
			isa = PBXGroup;
			children = (
				C3B0D52E2C070192000A980B /* MessagesTableViewCell.swift */,
				C3B0D52F2C070192000A980B /* MessagesTableViewCell.xib */,
				C33DF5802C053929007C654E /* HomeMessageViewController.swift */,
				C33DF5812C053929007C654E /* HomeMessageViewController.xib */,
			);
			path = HomeScreen;
			sourceTree = "<group>";
		};
		C3034CB42C0EB8C80070BCCC /* RegisterScreen */ = {
			isa = PBXGroup;
			children = (
				C37F47C22C02ECF5008EDD7F /* RegisterAccountViewController.swift */,
				C37F47C32C02ECF5008EDD7F /* RegisterAccountViewController.xib */,
			);
			path = RegisterScreen;
			sourceTree = "<group>";
		};
		C3034CB62C0EB9000070BCCC /* HomeTabBar */ = {
			isa = PBXGroup;
			children = (
				C33DF57A2C053291007C654E /* HomeTabBarController.swift */,
				C33DF57B2C053291007C654E /* HomeTabBarController.xib */,
			);
			path = HomeTabBar;
			sourceTree = "<group>";
		};
		C3034CB82C0EB9360070BCCC /* FriendsScreen */ = {
			isa = PBXGroup;
			children = (
				C33DF5842C053AD7007C654E /* FriendsViewController.swift */,
				C33DF5852C053AD7007C654E /* FriendsViewController.xib */,
				C3034CBB2C0EB9AC0070BCCC /* MyFriendsScreen */,
				C3034CBA2C0EB9710070BCCC /* AllFriendsScreen */,
				C3034CB92C0EB9410070BCCC /* RequestFriendsScreen */,
			);
			path = FriendsScreen;
			sourceTree = "<group>";
		};
		C3034CB92C0EB9410070BCCC /* RequestFriendsScreen */ = {
			isa = PBXGroup;
			children = (
				C3E943DD2C09DA0F0065664D /* RequestFriendsViewController.swift */,
				C3E943DE2C09DA0F0065664D /* RequestFriendsViewController.xib */,
				C33EA4142C0B0E6200733FA5 /* AcceptFriendsTableViewCell.swift */,
				C33EA4152C0B0E6200733FA5 /* AcceptFriendsTableViewCell.xib */,
				C35C91092C0B2BB30003D73F /* CancelFriendsTableViewCell.swift */,
				C35C910A2C0B2BB30003D73F /* CancelFriendsTableViewCell.xib */,
			);
			path = RequestFriendsScreen;
			sourceTree = "<group>";
		};
		C3034CBA2C0EB9710070BCCC /* AllFriendsScreen */ = {
			isa = PBXGroup;
			children = (
				C3E943D92C09D8920065664D /* AllFriendsViewController.swift */,
				C3E943DA2C09D8920065664D /* AllFriendsViewController.xib */,
				C368C61C2C10DCE700322B82 /* AllFriendsTableViewCell.swift */,
				C368C61D2C10DCE700322B82 /* AllFriendsTableViewCell.xib */,
			);
			path = AllFriendsScreen;
			sourceTree = "<group>";
		};
		C3034CBB2C0EB9AC0070BCCC /* MyFriendsScreen */ = {
			isa = PBXGroup;
			children = (
				C3E943D52C09D87A0065664D /* MyFriendsViewController.swift */,
				C3E943D62C09D87A0065664D /* MyFriendsViewController.xib */,
				C3F8C4D62C0EF08B00730097 /* MyFriendsTableViewCell.swift */,
				C3F8C4D72C0EF08B00730097 /* MyFriendsTableViewCell.xib */,
			);
			path = MyFriendsScreen;
			sourceTree = "<group>";
		};
		C3034CBC2C0EBA0B0070BCCC /* ProfileScreen */ = {
			isa = PBXGroup;
			children = (
				C33DF5882C053AEC007C654E /* ProfileViewController.swift */,
				C33DF5892C053AEC007C654E /* ProfileViewController.xib */,
			);
			path = ProfileScreen;
			sourceTree = "<group>";
		};
		C3034CBD2C0EBA430070BCCC /* LoginScreen */ = {
			isa = PBXGroup;
			children = (
				C386231D2BF49F520086FC63 /* LoginViewController.swift */,
			);
			path = LoginScreen;
			sourceTree = "<group>";
		};
		C3644F1D2C11A1A90062B7C5 /* Service */ = {
			isa = PBXGroup;
			children = (
				C3644F1E2C11A1C90062B7C5 /* FirebaseService.swift */,
			);
			path = Service;
			sourceTree = "<group>";
		};
		C3644F202C11A2BB0062B7C5 /* Routers */ = {
			isa = PBXGroup;
			children = (
				C3644F212C11A2DF0062B7C5 /* AppRouters.swift */,
			);
			path = Routers;
			sourceTree = "<group>";
		};
		C38622E12BF474B60086FC63 = {
			isa = PBXGroup;
			children = (
				C38622EC2BF474B60086FC63 /* Message_chat */,
				C38623032BF474B70086FC63 /* Message_chatTests */,
				C386230D2BF474B70086FC63 /* Message_chatUITests */,
				C38622EB2BF474B60086FC63 /* Products */,
				81B34430D1A431DEA47D568C /* Pods */,
				EABFD019ED17999A103FA980 /* Frameworks */,
			);
			sourceTree = "<group>";
		};
		C38622EB2BF474B60086FC63 /* Products */ = {
			isa = PBXGroup;
			children = (
				C38622EA2BF474B60086FC63 /* Message_chat.app */,
				C38623002BF474B70086FC63 /* Message_chatTests.xctest */,
				C386230A2BF474B70086FC63 /* Message_chatUITests.xctest */,
			);
			name = Products;
			sourceTree = "<group>";
		};
		C38622EC2BF474B60086FC63 /* Message_chat */ = {
			isa = PBXGroup;
			children = (
				C3644F202C11A2BB0062B7C5 /* Routers */,
				C3644F1D2C11A1A90062B7C5 /* Service */,
				C3FF822F2C0DFF36005B2496 /* Extensions */,
				C3FF822E2C0DFECD005B2496 /* Models */,
				C38622ED2BF474B60086FC63 /* AppDelegate.swift */,
				C38622EF2BF474B60086FC63 /* SceneDelegate.swift */,
				C38622F12BF474B60086FC63 /* ViewController.swift */,
				C38622F32BF474B60086FC63 /* Main.storyboard */,
				C38622F62BF474B60086FC63 /* Assets.xcassets */,
				C38622F82BF474B60086FC63 /* LaunchScreen.storyboard */,
				C38622FB2BF474B60086FC63 /* Info.plist */,
				C368C6242C10E8AB00322B82 /* GoogleService-Info.plist */,
				C3034CB22C0EB8740070BCCC /* Views */,
			);
			path = Message_chat;
			sourceTree = "<group>";
		};
		C38623032BF474B70086FC63 /* Message_chatTests */ = {
			isa = PBXGroup;
			children = (
				C38623042BF474B70086FC63 /* Message_chatTests.swift */,
			);
			path = Message_chatTests;
			sourceTree = "<group>";
		};
		C386230D2BF474B70086FC63 /* Message_chatUITests */ = {
			isa = PBXGroup;
			children = (
				C386230E2BF474B70086FC63 /* Message_chatUITests.swift */,
				C38623102BF474B70086FC63 /* Message_chatUITestsLaunchTests.swift */,
			);
			path = Message_chatUITests;
			sourceTree = "<group>";
		};
		C3FF822E2C0DFECD005B2496 /* Models */ = {
			isa = PBXGroup;
			children = (
				C36EDC6F2C0B178900958658 /* ModelRequestFriends.swift */,
				C3B0D53A2C083EBD000A980B /* ModelMessages.swift */,
				C38436422C0EF18800AB5B2E /* ModelFriends.swift */,
				C368C62D2C1105F000322B82 /* ModelUsers.swift */,
			);
			path = Models;
			sourceTree = "<group>";
		};
		C3FF822F2C0DFF36005B2496 /* Extensions */ = {
			isa = PBXGroup;
			children = (
				C3FF822B2C0D91BC005B2496 /* UITableExtensions.swift */,
				C306FB882C09A22A00D5E110 /* UIButtonExtensions.swift */,
				C3B0D5362C07B14A000A980B /* CALayerExtensions.swift */,
				C3B0D5322C07AEEE000A980B /* UIviewExtensions.swift */,
				C3B0D5342C07B0E9000A980B /* UILabelExtensions.swift */,
				C306FB862C099F8A00D5E110 /* UITextFieldExtensions.swift */,
				C3B0D5382C07B1A9000A980B /* HomeMessageExtensions.swift */,
			);
			path = Extensions;
			sourceTree = "<group>";
		};
		EABFD019ED17999A103FA980 /* Frameworks */ = {
			isa = PBXGroup;
			children = (
				854252B82DB30AFBA9B56152 /* Pods_Message_chat.framework */,
				EB495A93255600C915C51B5F /* Pods_Message_chat_Message_chatUITests.framework */,
				DFBD7B54CF29DCB05AECE0D0 /* Pods_Message_chatTests.framework */,
			);
			name = Frameworks;
			sourceTree = "<group>";
		};
/* End PBXGroup section */

/* Begin PBXNativeTarget section */
		C38622E92BF474B60086FC63 /* Message_chat */ = {
			isa = PBXNativeTarget;
			buildConfigurationList = C38623142BF474B70086FC63 /* Build configuration list for PBXNativeTarget "Message_chat" */;
			buildPhases = (
				3BB886E7DF2DAC36DAB788A6 /* [CP] Check Pods Manifest.lock */,
				C38622E62BF474B60086FC63 /* Sources */,
				C38622E72BF474B60086FC63 /* Frameworks */,
				C38622E82BF474B60086FC63 /* Resources */,
				C62D3A0B5C942189E498B5A0 /* [CP] Embed Pods Frameworks */,
			);
			buildRules = (
			);
			dependencies = (
			);
			name = Message_chat;
			packageProductDependencies = (
				C368C6272C10E95B00322B82 /* FirebaseAnalytics */,
				C368C6292C10E95B00322B82 /* FirebaseAnalyticsSwift */,
				C368C62B2C10E95B00322B82 /* FirebaseAuth */,
				C3A6040A2C110BD9003BA0CA /* FirebaseFirestore */,
			);
			productName = Message_chat;
			productReference = C38622EA2BF474B60086FC63 /* Message_chat.app */;
			productType = "com.apple.product-type.application";
		};
		C38622FF2BF474B70086FC63 /* Message_chatTests */ = {
			isa = PBXNativeTarget;
			buildConfigurationList = C38623172BF474B70086FC63 /* Build configuration list for PBXNativeTarget "Message_chatTests" */;
			buildPhases = (
				2108D2257D2C311EAACFEE6C /* [CP] Check Pods Manifest.lock */,
				C38622FC2BF474B70086FC63 /* Sources */,
				C38622FD2BF474B70086FC63 /* Frameworks */,
				C38622FE2BF474B70086FC63 /* Resources */,
			);
			buildRules = (
			);
			dependencies = (
				C38623022BF474B70086FC63 /* PBXTargetDependency */,
			);
			name = Message_chatTests;
			productName = Message_chatTests;
			productReference = C38623002BF474B70086FC63 /* Message_chatTests.xctest */;
			productType = "com.apple.product-type.bundle.unit-test";
		};
		C38623092BF474B70086FC63 /* Message_chatUITests */ = {
			isa = PBXNativeTarget;
			buildConfigurationList = C386231A2BF474B70086FC63 /* Build configuration list for PBXNativeTarget "Message_chatUITests" */;
			buildPhases = (
				DAC46FCF6BFBD6B6420BCB48 /* [CP] Check Pods Manifest.lock */,
				C38623062BF474B70086FC63 /* Sources */,
				C38623072BF474B70086FC63 /* Frameworks */,
				C38623082BF474B70086FC63 /* Resources */,
				CC0281449466472EE5C9CD95 /* [CP] Embed Pods Frameworks */,
			);
			buildRules = (
			);
			dependencies = (
				C386230C2BF474B70086FC63 /* PBXTargetDependency */,
			);
			name = Message_chatUITests;
			productName = Message_chatUITests;
			productReference = C386230A2BF474B70086FC63 /* Message_chatUITests.xctest */;
			productType = "com.apple.product-type.bundle.ui-testing";
		};
/* End PBXNativeTarget section */

/* Begin PBXProject section */
		C38622E22BF474B60086FC63 /* Project object */ = {
			isa = PBXProject;
			attributes = {
				BuildIndependentTargetsInParallel = 1;
				LastSwiftUpdateCheck = 1420;
				LastUpgradeCheck = 1420;
				TargetAttributes = {
					C38622E92BF474B60086FC63 = {
						CreatedOnToolsVersion = 14.2;
					};
					C38622FF2BF474B70086FC63 = {
						CreatedOnToolsVersion = 14.2;
						TestTargetID = C38622E92BF474B60086FC63;
					};
					C38623092BF474B70086FC63 = {
						CreatedOnToolsVersion = 14.2;
						TestTargetID = C38622E92BF474B60086FC63;
					};
				};
			};
			buildConfigurationList = C38622E52BF474B60086FC63 /* Build configuration list for PBXProject "Message_chat" */;
			compatibilityVersion = "Xcode 14.0";
			developmentRegion = en;
			hasScannedForEncodings = 0;
			knownRegions = (
				en,
				Base,
			);
			mainGroup = C38622E12BF474B60086FC63;
			packageReferences = (
				C368C6262C10E95B00322B82 /* XCRemoteSwiftPackageReference "firebase-ios-sdk" */,
			);
			productRefGroup = C38622EB2BF474B60086FC63 /* Products */;
			projectDirPath = "";
			projectRoot = "";
			targets = (
				C38622E92BF474B60086FC63 /* Message_chat */,
				C38622FF2BF474B70086FC63 /* Message_chatTests */,
				C38623092BF474B70086FC63 /* Message_chatUITests */,
			);
		};
/* End PBXProject section */

/* Begin PBXResourcesBuildPhase section */
		C38622E82BF474B60086FC63 /* Resources */ = {
			isa = PBXResourcesBuildPhase;
			buildActionMask = 2147483647;
			files = (
				C33DF57D2C053291007C654E /* HomeTabBarController.xib in Resources */,
				C35C910C2C0B2BB30003D73F /* CancelFriendsTableViewCell.xib in Resources */,
				C33DF5832C053929007C654E /* HomeMessageViewController.xib in Resources */,
				C368C61F2C10DCE700322B82 /* AllFriendsTableViewCell.xib in Resources */,
				C33EA4172C0B0E6200733FA5 /* AcceptFriendsTableViewCell.xib in Resources */,
				C33DF58B2C053AEC007C654E /* ProfileViewController.xib in Resources */,
				C3F8C4D92C0EF08B00730097 /* MyFriendsTableViewCell.xib in Resources */,
				C38622FA2BF474B60086FC63 /* LaunchScreen.storyboard in Resources */,
				C3E943E02C09DA0F0065664D /* RequestFriendsViewController.xib in Resources */,
				C37F47C52C02ECF5008EDD7F /* RegisterAccountViewController.xib in Resources */,
				C33DF5872C053AD7007C654E /* FriendsViewController.xib in Resources */,
				C368C6252C10E8AB00322B82 /* GoogleService-Info.plist in Resources */,
				C38622F72BF474B60086FC63 /* Assets.xcassets in Resources */,
				C38622F52BF474B60086FC63 /* Main.storyboard in Resources */,
				C3E943D82C09D87A0065664D /* MyFriendsViewController.xib in Resources */,
				C3B0D5312C070192000A980B /* MessagesTableViewCell.xib in Resources */,
				C3E943DC2C09D8920065664D /* AllFriendsViewController.xib in Resources */,
			);
			runOnlyForDeploymentPostprocessing = 0;
		};
		C38622FE2BF474B70086FC63 /* Resources */ = {
			isa = PBXResourcesBuildPhase;
			buildActionMask = 2147483647;
			files = (
			);
			runOnlyForDeploymentPostprocessing = 0;
		};
		C38623082BF474B70086FC63 /* Resources */ = {
			isa = PBXResourcesBuildPhase;
			buildActionMask = 2147483647;
			files = (
			);
			runOnlyForDeploymentPostprocessing = 0;
		};
/* End PBXResourcesBuildPhase section */

/* Begin PBXShellScriptBuildPhase section */
		2108D2257D2C311EAACFEE6C /* [CP] Check Pods Manifest.lock */ = {
			isa = PBXShellScriptBuildPhase;
			buildActionMask = 2147483647;
			files = (
			);
			inputFileListPaths = (
			);
			inputPaths = (
				"${PODS_PODFILE_DIR_PATH}/Podfile.lock",
				"${PODS_ROOT}/Manifest.lock",
			);
			name = "[CP] Check Pods Manifest.lock";
			outputFileListPaths = (
			);
			outputPaths = (
				"$(DERIVED_FILE_DIR)/Pods-Message_chatTests-checkManifestLockResult.txt",
			);
			runOnlyForDeploymentPostprocessing = 0;
			shellPath = /bin/sh;
			shellScript = "diff \"${PODS_PODFILE_DIR_PATH}/Podfile.lock\" \"${PODS_ROOT}/Manifest.lock\" > /dev/null\nif [ $? != 0 ] ; then\n    # print error to STDERR\n    echo \"error: The sandbox is not in sync with the Podfile.lock. Run 'pod install' or update your CocoaPods installation.\" >&2\n    exit 1\nfi\n# This output is used by Xcode 'outputs' to avoid re-running this script phase.\necho \"SUCCESS\" > \"${SCRIPT_OUTPUT_FILE_0}\"\n";
			showEnvVarsInLog = 0;
		};
		3BB886E7DF2DAC36DAB788A6 /* [CP] Check Pods Manifest.lock */ = {
			isa = PBXShellScriptBuildPhase;
			buildActionMask = 2147483647;
			files = (
			);
			inputFileListPaths = (
			);
			inputPaths = (
				"${PODS_PODFILE_DIR_PATH}/Podfile.lock",
				"${PODS_ROOT}/Manifest.lock",
			);
			name = "[CP] Check Pods Manifest.lock";
			outputFileListPaths = (
			);
			outputPaths = (
				"$(DERIVED_FILE_DIR)/Pods-Message_chat-checkManifestLockResult.txt",
			);
			runOnlyForDeploymentPostprocessing = 0;
			shellPath = /bin/sh;
			shellScript = "diff \"${PODS_PODFILE_DIR_PATH}/Podfile.lock\" \"${PODS_ROOT}/Manifest.lock\" > /dev/null\nif [ $? != 0 ] ; then\n    # print error to STDERR\n    echo \"error: The sandbox is not in sync with the Podfile.lock. Run 'pod install' or update your CocoaPods installation.\" >&2\n    exit 1\nfi\n# This output is used by Xcode 'outputs' to avoid re-running this script phase.\necho \"SUCCESS\" > \"${SCRIPT_OUTPUT_FILE_0}\"\n";
			showEnvVarsInLog = 0;
		};
		C62D3A0B5C942189E498B5A0 /* [CP] Embed Pods Frameworks */ = {
			isa = PBXShellScriptBuildPhase;
			buildActionMask = 2147483647;
			files = (
			);
			inputFileListPaths = (
				"${PODS_ROOT}/Target Support Files/Pods-Message_chat/Pods-Message_chat-frameworks-${CONFIGURATION}-input-files.xcfilelist",
			);
			name = "[CP] Embed Pods Frameworks";
			outputFileListPaths = (
				"${PODS_ROOT}/Target Support Files/Pods-Message_chat/Pods-Message_chat-frameworks-${CONFIGURATION}-output-files.xcfilelist",
			);
			runOnlyForDeploymentPostprocessing = 0;
			shellPath = /bin/sh;
			shellScript = "\"${PODS_ROOT}/Target Support Files/Pods-Message_chat/Pods-Message_chat-frameworks.sh\"\n";
			showEnvVarsInLog = 0;
		};
		CC0281449466472EE5C9CD95 /* [CP] Embed Pods Frameworks */ = {
			isa = PBXShellScriptBuildPhase;
			buildActionMask = 2147483647;
			files = (
			);
			inputFileListPaths = (
				"${PODS_ROOT}/Target Support Files/Pods-Message_chat-Message_chatUITests/Pods-Message_chat-Message_chatUITests-frameworks-${CONFIGURATION}-input-files.xcfilelist",
			);
			name = "[CP] Embed Pods Frameworks";
			outputFileListPaths = (
				"${PODS_ROOT}/Target Support Files/Pods-Message_chat-Message_chatUITests/Pods-Message_chat-Message_chatUITests-frameworks-${CONFIGURATION}-output-files.xcfilelist",
			);
			runOnlyForDeploymentPostprocessing = 0;
			shellPath = /bin/sh;
			shellScript = "\"${PODS_ROOT}/Target Support Files/Pods-Message_chat-Message_chatUITests/Pods-Message_chat-Message_chatUITests-frameworks.sh\"\n";
			showEnvVarsInLog = 0;
		};
		DAC46FCF6BFBD6B6420BCB48 /* [CP] Check Pods Manifest.lock */ = {
			isa = PBXShellScriptBuildPhase;
			buildActionMask = 2147483647;
			files = (
			);
			inputFileListPaths = (
			);
			inputPaths = (
				"${PODS_PODFILE_DIR_PATH}/Podfile.lock",
				"${PODS_ROOT}/Manifest.lock",
			);
			name = "[CP] Check Pods Manifest.lock";
			outputFileListPaths = (
			);
			outputPaths = (
				"$(DERIVED_FILE_DIR)/Pods-Message_chat-Message_chatUITests-checkManifestLockResult.txt",
			);
			runOnlyForDeploymentPostprocessing = 0;
			shellPath = /bin/sh;
			shellScript = "diff \"${PODS_PODFILE_DIR_PATH}/Podfile.lock\" \"${PODS_ROOT}/Manifest.lock\" > /dev/null\nif [ $? != 0 ] ; then\n    # print error to STDERR\n    echo \"error: The sandbox is not in sync with the Podfile.lock. Run 'pod install' or update your CocoaPods installation.\" >&2\n    exit 1\nfi\n# This output is used by Xcode 'outputs' to avoid re-running this script phase.\necho \"SUCCESS\" > \"${SCRIPT_OUTPUT_FILE_0}\"\n";
			showEnvVarsInLog = 0;
		};
/* End PBXShellScriptBuildPhase section */

/* Begin PBXSourcesBuildPhase section */
		C38622E62BF474B60086FC63 /* Sources */ = {
			isa = PBXSourcesBuildPhase;
			buildActionMask = 2147483647;
			files = (
				C33DF5862C053AD7007C654E /* FriendsViewController.swift in Sources */,
				C33EA4162C0B0E6200733FA5 /* AcceptFriendsTableViewCell.swift in Sources */,
				C3B0D53B2C083EBD000A980B /* ModelMessages.swift in Sources */,
				C3B0D5372C07B14A000A980B /* CALayerExtensions.swift in Sources */,
				C37F47C42C02ECF5008EDD7F /* RegisterAccountViewController.swift in Sources */,
				C3644F222C11A2DF0062B7C5 /* AppRouters.swift in Sources */,
				C368C62E2C1105F000322B82 /* ModelUsers.swift in Sources */,
				C3B0D5332C07AEEE000A980B /* UIviewExtensions.swift in Sources */,
				C3E943DB2C09D8920065664D /* AllFriendsViewController.swift in Sources */,
				C386231E2BF49F520086FC63 /* LoginViewController.swift in Sources */,
				C36EDC702C0B178900958658 /* ModelRequestFriends.swift in Sources */,
				C33DF5822C053929007C654E /* HomeMessageViewController.swift in Sources */,
				C3F8C4D82C0EF08B00730097 /* MyFriendsTableViewCell.swift in Sources */,
				C33DF57C2C053291007C654E /* HomeTabBarController.swift in Sources */,
				C38622F22BF474B60086FC63 /* ViewController.swift in Sources */,
				C33DF58A2C053AEC007C654E /* ProfileViewController.swift in Sources */,
				C3644F1F2C11A1C90062B7C5 /* FirebaseService.swift in Sources */,
				C3B0D5352C07B0E9000A980B /* UILabelExtensions.swift in Sources */,
				C3E943DF2C09DA0F0065664D /* RequestFriendsViewController.swift in Sources */,
				C3B0D5392C07B1A9000A980B /* HomeMessageExtensions.swift in Sources */,
				C3FF822C2C0D91BC005B2496 /* UITableExtensions.swift in Sources */,
				C368C61E2C10DCE700322B82 /* AllFriendsTableViewCell.swift in Sources */,
				C3B0D5302C070192000A980B /* MessagesTableViewCell.swift in Sources */,
				C38622EE2BF474B60086FC63 /* AppDelegate.swift in Sources */,
				C3E943D72C09D87A0065664D /* MyFriendsViewController.swift in Sources */,
				C38436432C0EF18800AB5B2E /* ModelFriends.swift in Sources */,
				C306FB892C09A22A00D5E110 /* UIButtonExtensions.swift in Sources */,
				C306FB872C099F8A00D5E110 /* UITextFieldExtensions.swift in Sources */,
				C35C910B2C0B2BB30003D73F /* CancelFriendsTableViewCell.swift in Sources */,
				C38622F02BF474B60086FC63 /* SceneDelegate.swift in Sources */,
			);
			runOnlyForDeploymentPostprocessing = 0;
		};
		C38622FC2BF474B70086FC63 /* Sources */ = {
			isa = PBXSourcesBuildPhase;
			buildActionMask = 2147483647;
			files = (
				C38623052BF474B70086FC63 /* Message_chatTests.swift in Sources */,
			);
			runOnlyForDeploymentPostprocessing = 0;
		};
		C38623062BF474B70086FC63 /* Sources */ = {
			isa = PBXSourcesBuildPhase;
			buildActionMask = 2147483647;
			files = (
				C38623112BF474B70086FC63 /* Message_chatUITestsLaunchTests.swift in Sources */,
				C386230F2BF474B70086FC63 /* Message_chatUITests.swift in Sources */,
			);
			runOnlyForDeploymentPostprocessing = 0;
		};
/* End PBXSourcesBuildPhase section */

/* Begin PBXTargetDependency section */
		C38623022BF474B70086FC63 /* PBXTargetDependency */ = {
			isa = PBXTargetDependency;
			target = C38622E92BF474B60086FC63 /* Message_chat */;
			targetProxy = C38623012BF474B70086FC63 /* PBXContainerItemProxy */;
		};
		C386230C2BF474B70086FC63 /* PBXTargetDependency */ = {
			isa = PBXTargetDependency;
			target = C38622E92BF474B60086FC63 /* Message_chat */;
			targetProxy = C386230B2BF474B70086FC63 /* PBXContainerItemProxy */;
		};
/* End PBXTargetDependency section */

/* Begin PBXVariantGroup section */
		C38622F32BF474B60086FC63 /* Main.storyboard */ = {
			isa = PBXVariantGroup;
			children = (
				C38622F42BF474B60086FC63 /* Base */,
			);
			name = Main.storyboard;
			sourceTree = "<group>";
		};
		C38622F82BF474B60086FC63 /* LaunchScreen.storyboard */ = {
			isa = PBXVariantGroup;
			children = (
				C38622F92BF474B60086FC63 /* Base */,
			);
			name = LaunchScreen.storyboard;
			sourceTree = "<group>";
		};
/* End PBXVariantGroup section */

/* Begin XCBuildConfiguration section */
		C38623122BF474B70086FC63 /* Debug */ = {
			isa = XCBuildConfiguration;
			buildSettings = {
				ALWAYS_SEARCH_USER_PATHS = NO;
				CLANG_ANALYZER_NONNULL = YES;
				CLANG_ANALYZER_NUMBER_OBJECT_CONVERSION = YES_AGGRESSIVE;
				CLANG_CXX_LANGUAGE_STANDARD = "gnu++20";
				CLANG_ENABLE_MODULES = YES;
				CLANG_ENABLE_OBJC_ARC = YES;
				CLANG_ENABLE_OBJC_WEAK = YES;
				CLANG_WARN_BLOCK_CAPTURE_AUTORELEASING = YES;
				CLANG_WARN_BOOL_CONVERSION = YES;
				CLANG_WARN_COMMA = YES;
				CLANG_WARN_CONSTANT_CONVERSION = YES;
				CLANG_WARN_DEPRECATED_OBJC_IMPLEMENTATIONS = YES;
				CLANG_WARN_DIRECT_OBJC_ISA_USAGE = YES_ERROR;
				CLANG_WARN_DOCUMENTATION_COMMENTS = YES;
				CLANG_WARN_EMPTY_BODY = YES;
				CLANG_WARN_ENUM_CONVERSION = YES;
				CLANG_WARN_INFINITE_RECURSION = YES;
				CLANG_WARN_INT_CONVERSION = YES;
				CLANG_WARN_NON_LITERAL_NULL_CONVERSION = YES;
				CLANG_WARN_OBJC_IMPLICIT_RETAIN_SELF = YES;
				CLANG_WARN_OBJC_LITERAL_CONVERSION = YES;
				CLANG_WARN_OBJC_ROOT_CLASS = YES_ERROR;
				CLANG_WARN_QUOTED_INCLUDE_IN_FRAMEWORK_HEADER = YES;
				CLANG_WARN_RANGE_LOOP_ANALYSIS = YES;
				CLANG_WARN_STRICT_PROTOTYPES = YES;
				CLANG_WARN_SUSPICIOUS_MOVE = YES;
				CLANG_WARN_UNGUARDED_AVAILABILITY = YES_AGGRESSIVE;
				CLANG_WARN_UNREACHABLE_CODE = YES;
				CLANG_WARN__DUPLICATE_METHOD_MATCH = YES;
				COPY_PHASE_STRIP = NO;
				DEBUG_INFORMATION_FORMAT = dwarf;
				ENABLE_STRICT_OBJC_MSGSEND = YES;
				ENABLE_TESTABILITY = YES;
				GCC_C_LANGUAGE_STANDARD = gnu11;
				GCC_DYNAMIC_NO_PIC = NO;
				GCC_NO_COMMON_BLOCKS = YES;
				GCC_OPTIMIZATION_LEVEL = 0;
				GCC_PREPROCESSOR_DEFINITIONS = (
					"DEBUG=1",
					"$(inherited)",
				);
				GCC_WARN_64_TO_32_BIT_CONVERSION = YES;
				GCC_WARN_ABOUT_RETURN_TYPE = YES_ERROR;
				GCC_WARN_UNDECLARED_SELECTOR = YES;
				GCC_WARN_UNINITIALIZED_AUTOS = YES_AGGRESSIVE;
				GCC_WARN_UNUSED_FUNCTION = YES;
				GCC_WARN_UNUSED_VARIABLE = YES;
				IPHONEOS_DEPLOYMENT_TARGET = 16.2;
				MTL_ENABLE_DEBUG_INFO = INCLUDE_SOURCE;
				MTL_FAST_MATH = YES;
				ONLY_ACTIVE_ARCH = YES;
				SDKROOT = iphoneos;
				SWIFT_ACTIVE_COMPILATION_CONDITIONS = DEBUG;
				SWIFT_OPTIMIZATION_LEVEL = "-Onone";
			};
			name = Debug;
		};
		C38623132BF474B70086FC63 /* Release */ = {
			isa = XCBuildConfiguration;
			buildSettings = {
				ALWAYS_SEARCH_USER_PATHS = NO;
				CLANG_ANALYZER_NONNULL = YES;
				CLANG_ANALYZER_NUMBER_OBJECT_CONVERSION = YES_AGGRESSIVE;
				CLANG_CXX_LANGUAGE_STANDARD = "gnu++20";
				CLANG_ENABLE_MODULES = YES;
				CLANG_ENABLE_OBJC_ARC = YES;
				CLANG_ENABLE_OBJC_WEAK = YES;
				CLANG_WARN_BLOCK_CAPTURE_AUTORELEASING = YES;
				CLANG_WARN_BOOL_CONVERSION = YES;
				CLANG_WARN_COMMA = YES;
				CLANG_WARN_CONSTANT_CONVERSION = YES;
				CLANG_WARN_DEPRECATED_OBJC_IMPLEMENTATIONS = YES;
				CLANG_WARN_DIRECT_OBJC_ISA_USAGE = YES_ERROR;
				CLANG_WARN_DOCUMENTATION_COMMENTS = YES;
				CLANG_WARN_EMPTY_BODY = YES;
				CLANG_WARN_ENUM_CONVERSION = YES;
				CLANG_WARN_INFINITE_RECURSION = YES;
				CLANG_WARN_INT_CONVERSION = YES;
				CLANG_WARN_NON_LITERAL_NULL_CONVERSION = YES;
				CLANG_WARN_OBJC_IMPLICIT_RETAIN_SELF = YES;
				CLANG_WARN_OBJC_LITERAL_CONVERSION = YES;
				CLANG_WARN_OBJC_ROOT_CLASS = YES_ERROR;
				CLANG_WARN_QUOTED_INCLUDE_IN_FRAMEWORK_HEADER = YES;
				CLANG_WARN_RANGE_LOOP_ANALYSIS = YES;
				CLANG_WARN_STRICT_PROTOTYPES = YES;
				CLANG_WARN_SUSPICIOUS_MOVE = YES;
				CLANG_WARN_UNGUARDED_AVAILABILITY = YES_AGGRESSIVE;
				CLANG_WARN_UNREACHABLE_CODE = YES;
				CLANG_WARN__DUPLICATE_METHOD_MATCH = YES;
				COPY_PHASE_STRIP = NO;
				DEBUG_INFORMATION_FORMAT = "dwarf-with-dsym";
				ENABLE_NS_ASSERTIONS = NO;
				ENABLE_STRICT_OBJC_MSGSEND = YES;
				GCC_C_LANGUAGE_STANDARD = gnu11;
				GCC_NO_COMMON_BLOCKS = YES;
				GCC_WARN_64_TO_32_BIT_CONVERSION = YES;
				GCC_WARN_ABOUT_RETURN_TYPE = YES_ERROR;
				GCC_WARN_UNDECLARED_SELECTOR = YES;
				GCC_WARN_UNINITIALIZED_AUTOS = YES_AGGRESSIVE;
				GCC_WARN_UNUSED_FUNCTION = YES;
				GCC_WARN_UNUSED_VARIABLE = YES;
				IPHONEOS_DEPLOYMENT_TARGET = 16.2;
				MTL_ENABLE_DEBUG_INFO = NO;
				MTL_FAST_MATH = YES;
				SDKROOT = iphoneos;
				SWIFT_COMPILATION_MODE = wholemodule;
				SWIFT_OPTIMIZATION_LEVEL = "-O";
				VALIDATE_PRODUCT = YES;
			};
			name = Release;
		};
		C38623152BF474B70086FC63 /* Debug */ = {
			isa = XCBuildConfiguration;
			baseConfigurationReference = AB0A1ABC70BB127B5852D506 /* Pods-Message_chat.debug.xcconfig */;
			buildSettings = {
				ASSETCATALOG_COMPILER_APPICON_NAME = AppIcon;
				ASSETCATALOG_COMPILER_GLOBAL_ACCENT_COLOR_NAME = AccentColor;
				CODE_SIGN_STYLE = Automatic;
				CURRENT_PROJECT_VERSION = 1;
				GENERATE_INFOPLIST_FILE = YES;
				INFOPLIST_FILE = Message_chat/Info.plist;
				INFOPLIST_KEY_UIApplicationSupportsIndirectInputEvents = YES;
				INFOPLIST_KEY_UILaunchStoryboardName = LaunchScreen;
				INFOPLIST_KEY_UIMainStoryboardFile = Main;
				INFOPLIST_KEY_UISupportedInterfaceOrientations_iPad = "UIInterfaceOrientationPortrait UIInterfaceOrientationPortraitUpsideDown UIInterfaceOrientationLandscapeLeft UIInterfaceOrientationLandscapeRight";
				INFOPLIST_KEY_UISupportedInterfaceOrientations_iPhone = "UIInterfaceOrientationPortrait UIInterfaceOrientationLandscapeLeft UIInterfaceOrientationLandscapeRight";
				LD_RUNPATH_SEARCH_PATHS = (
					"$(inherited)",
					"@executable_path/Frameworks",
				);
				MARKETING_VERSION = 1.0;
				PRODUCT_BUNDLE_IDENTIFIER = "vuminh.Message-chat";
				PRODUCT_NAME = "$(TARGET_NAME)";
				SWIFT_EMIT_LOC_STRINGS = YES;
				SWIFT_VERSION = 5.0;
				TARGETED_DEVICE_FAMILY = "1,2";
			};
			name = Debug;
		};
		C38623162BF474B70086FC63 /* Release */ = {
			isa = XCBuildConfiguration;
			baseConfigurationReference = BB8F71C805E9502A0D8244B3 /* Pods-Message_chat.release.xcconfig */;
			buildSettings = {
				ASSETCATALOG_COMPILER_APPICON_NAME = AppIcon;
				ASSETCATALOG_COMPILER_GLOBAL_ACCENT_COLOR_NAME = AccentColor;
				CODE_SIGN_STYLE = Automatic;
				CURRENT_PROJECT_VERSION = 1;
				GENERATE_INFOPLIST_FILE = YES;
				INFOPLIST_FILE = Message_chat/Info.plist;
				INFOPLIST_KEY_UIApplicationSupportsIndirectInputEvents = YES;
				INFOPLIST_KEY_UILaunchStoryboardName = LaunchScreen;
				INFOPLIST_KEY_UIMainStoryboardFile = Main;
				INFOPLIST_KEY_UISupportedInterfaceOrientations_iPad = "UIInterfaceOrientationPortrait UIInterfaceOrientationPortraitUpsideDown UIInterfaceOrientationLandscapeLeft UIInterfaceOrientationLandscapeRight";
				INFOPLIST_KEY_UISupportedInterfaceOrientations_iPhone = "UIInterfaceOrientationPortrait UIInterfaceOrientationLandscapeLeft UIInterfaceOrientationLandscapeRight";
				LD_RUNPATH_SEARCH_PATHS = (
					"$(inherited)",
					"@executable_path/Frameworks",
				);
				MARKETING_VERSION = 1.0;
				PRODUCT_BUNDLE_IDENTIFIER = "vuminh.Message-chat";
				PRODUCT_NAME = "$(TARGET_NAME)";
				SWIFT_EMIT_LOC_STRINGS = YES;
				SWIFT_VERSION = 5.0;
				TARGETED_DEVICE_FAMILY = "1,2";
			};
			name = Release;
		};
		C38623182BF474B70086FC63 /* Debug */ = {
			isa = XCBuildConfiguration;
			baseConfigurationReference = 4E08F69E4F556A8F31C6A516 /* Pods-Message_chatTests.debug.xcconfig */;
			buildSettings = {
				ALWAYS_EMBED_SWIFT_STANDARD_LIBRARIES = YES;
				BUNDLE_LOADER = "$(TEST_HOST)";
				CODE_SIGN_STYLE = Automatic;
				CURRENT_PROJECT_VERSION = 1;
				GENERATE_INFOPLIST_FILE = YES;
				IPHONEOS_DEPLOYMENT_TARGET = 16.2;
				MARKETING_VERSION = 1.0;
				PRODUCT_BUNDLE_IDENTIFIER = "vuminh.Message-chatTests";
				PRODUCT_NAME = "$(TARGET_NAME)";
				SWIFT_EMIT_LOC_STRINGS = NO;
				SWIFT_VERSION = 5.0;
				TARGETED_DEVICE_FAMILY = "1,2";
				TEST_HOST = "$(BUILT_PRODUCTS_DIR)/Message_chat.app/$(BUNDLE_EXECUTABLE_FOLDER_PATH)/Message_chat";
			};
			name = Debug;
		};
		C38623192BF474B70086FC63 /* Release */ = {
			isa = XCBuildConfiguration;
			baseConfigurationReference = B7D236E4ED9772734C332BBA /* Pods-Message_chatTests.release.xcconfig */;
			buildSettings = {
				ALWAYS_EMBED_SWIFT_STANDARD_LIBRARIES = YES;
				BUNDLE_LOADER = "$(TEST_HOST)";
				CODE_SIGN_STYLE = Automatic;
				CURRENT_PROJECT_VERSION = 1;
				GENERATE_INFOPLIST_FILE = YES;
				IPHONEOS_DEPLOYMENT_TARGET = 16.2;
				MARKETING_VERSION = 1.0;
				PRODUCT_BUNDLE_IDENTIFIER = "vuminh.Message-chatTests";
				PRODUCT_NAME = "$(TARGET_NAME)";
				SWIFT_EMIT_LOC_STRINGS = NO;
				SWIFT_VERSION = 5.0;
				TARGETED_DEVICE_FAMILY = "1,2";
				TEST_HOST = "$(BUILT_PRODUCTS_DIR)/Message_chat.app/$(BUNDLE_EXECUTABLE_FOLDER_PATH)/Message_chat";
			};
			name = Release;
		};
		C386231B2BF474B70086FC63 /* Debug */ = {
			isa = XCBuildConfiguration;
			baseConfigurationReference = 1CDCDAD6D9A9EF8914B63C09 /* Pods-Message_chat-Message_chatUITests.debug.xcconfig */;
			buildSettings = {
				ALWAYS_EMBED_SWIFT_STANDARD_LIBRARIES = YES;
				CODE_SIGN_STYLE = Automatic;
				CURRENT_PROJECT_VERSION = 1;
				GENERATE_INFOPLIST_FILE = YES;
				MARKETING_VERSION = 1.0;
				PRODUCT_BUNDLE_IDENTIFIER = "vuminh.Message-chatUITests";
				PRODUCT_NAME = "$(TARGET_NAME)";
				SWIFT_EMIT_LOC_STRINGS = NO;
				SWIFT_VERSION = 5.0;
				TARGETED_DEVICE_FAMILY = "1,2";
				TEST_TARGET_NAME = Message_chat;
			};
			name = Debug;
		};
		C386231C2BF474B70086FC63 /* Release */ = {
			isa = XCBuildConfiguration;
			baseConfigurationReference = C361A29883CA540824301378 /* Pods-Message_chat-Message_chatUITests.release.xcconfig */;
			buildSettings = {
				ALWAYS_EMBED_SWIFT_STANDARD_LIBRARIES = YES;
				CODE_SIGN_STYLE = Automatic;
				CURRENT_PROJECT_VERSION = 1;
				GENERATE_INFOPLIST_FILE = YES;
				MARKETING_VERSION = 1.0;
				PRODUCT_BUNDLE_IDENTIFIER = "vuminh.Message-chatUITests";
				PRODUCT_NAME = "$(TARGET_NAME)";
				SWIFT_EMIT_LOC_STRINGS = NO;
				SWIFT_VERSION = 5.0;
				TARGETED_DEVICE_FAMILY = "1,2";
				TEST_TARGET_NAME = Message_chat;
			};
			name = Release;
		};
/* End XCBuildConfiguration section */

/* Begin XCConfigurationList section */
		C38622E52BF474B60086FC63 /* Build configuration list for PBXProject "Message_chat" */ = {
			isa = XCConfigurationList;
			buildConfigurations = (
				C38623122BF474B70086FC63 /* Debug */,
				C38623132BF474B70086FC63 /* Release */,
			);
			defaultConfigurationIsVisible = 0;
			defaultConfigurationName = Release;
		};
		C38623142BF474B70086FC63 /* Build configuration list for PBXNativeTarget "Message_chat" */ = {
			isa = XCConfigurationList;
			buildConfigurations = (
				C38623152BF474B70086FC63 /* Debug */,
				C38623162BF474B70086FC63 /* Release */,
			);
			defaultConfigurationIsVisible = 0;
			defaultConfigurationName = Release;
		};
		C38623172BF474B70086FC63 /* Build configuration list for PBXNativeTarget "Message_chatTests" */ = {
			isa = XCConfigurationList;
			buildConfigurations = (
				C38623182BF474B70086FC63 /* Debug */,
				C38623192BF474B70086FC63 /* Release */,
			);
			defaultConfigurationIsVisible = 0;
			defaultConfigurationName = Release;
		};
		C386231A2BF474B70086FC63 /* Build configuration list for PBXNativeTarget "Message_chatUITests" */ = {
			isa = XCConfigurationList;
			buildConfigurations = (
				C386231B2BF474B70086FC63 /* Debug */,
				C386231C2BF474B70086FC63 /* Release */,
			);
			defaultConfigurationIsVisible = 0;
			defaultConfigurationName = Release;
		};
/* End XCConfigurationList section */

/* Begin XCRemoteSwiftPackageReference section */
		C368C6262C10E95B00322B82 /* XCRemoteSwiftPackageReference "firebase-ios-sdk" */ = {
			isa = XCRemoteSwiftPackageReference;
			repositoryURL = "https://github.com/firebase/firebase-ios-sdk.git";
			requirement = {
				kind = upToNextMajorVersion;
				minimumVersion = 9.0.0;
			};
		};
/* End XCRemoteSwiftPackageReference section */

/* Begin XCSwiftPackageProductDependency section */
		C368C6272C10E95B00322B82 /* FirebaseAnalytics */ = {
			isa = XCSwiftPackageProductDependency;
			package = C368C6262C10E95B00322B82 /* XCRemoteSwiftPackageReference "firebase-ios-sdk" */;
			productName = FirebaseAnalytics;
		};
		C368C6292C10E95B00322B82 /* FirebaseAnalyticsSwift */ = {
			isa = XCSwiftPackageProductDependency;
			package = C368C6262C10E95B00322B82 /* XCRemoteSwiftPackageReference "firebase-ios-sdk" */;
			productName = FirebaseAnalyticsSwift;
		};
		C368C62B2C10E95B00322B82 /* FirebaseAuth */ = {
			isa = XCSwiftPackageProductDependency;
			package = C368C6262C10E95B00322B82 /* XCRemoteSwiftPackageReference "firebase-ios-sdk" */;
			productName = FirebaseAuth;
		};
		C3A6040A2C110BD9003BA0CA /* FirebaseFirestore */ = {
			isa = XCSwiftPackageProductDependency;
			package = C368C6262C10E95B00322B82 /* XCRemoteSwiftPackageReference "firebase-ios-sdk" */;
			productName = FirebaseFirestore;
		};
/* End XCSwiftPackageProductDependency section */
	};
	rootObject = C38622E22BF474B60086FC63 /* Project object */;
}
